// !$*UTF8*$!
{
	archiveVersion = 1;
	classes = {
	};
	objectVersion = 56;
	objects = {

/* Begin PBXBuildFile section */
		43056C8E290E76610087C752 /* Localizable.strings in Resources */ = {isa = PBXBuildFile; fileRef = 43056C8C290E76610087C752 /* Localizable.strings */; };
		43056CC3290E7A620087C752 /* ImageCache.swift in Sources */ = {isa = PBXBuildFile; fileRef = 43056C94290E7A620087C752 /* ImageCache.swift */; };
		43056CC4290E7A620087C752 /* AppDefaults.swift in Sources */ = {isa = PBXBuildFile; fileRef = 43056C95290E7A620087C752 /* AppDefaults.swift */; };
		43056CC5290E7A620087C752 /* Message.swift in Sources */ = {isa = PBXBuildFile; fileRef = 43056C96290E7A620087C752 /* Message.swift */; };
		43056CC6290E7A620087C752 /* ZeroConfExplorer.swift in Sources */ = {isa = PBXBuildFile; fileRef = 43056C97290E7A620087C752 /* ZeroConfExplorer.swift */; };
		43056CC7290E7A620087C752 /* Cache.swift in Sources */ = {isa = PBXBuildFile; fileRef = 43056C98290E7A620087C752 /* Cache.swift */; };
		43056CC8290E7A620087C752 /* OperationManager.swift in Sources */ = {isa = PBXBuildFile; fileRef = 43056C99290E7A620087C752 /* OperationManager.swift */; };
		43056CC9290E7A620087C752 /* SubscribableValue.swift in Sources */ = {isa = PBXBuildFile; fileRef = 43056C9A290E7A620087C752 /* SubscribableValue.swift */; };
		43056CCA290E7A620087C752 /* ThreadedObject.swift in Sources */ = {isa = PBXBuildFile; fileRef = 43056C9C290E7A620087C752 /* ThreadedObject.swift */; };
		43056CCB290E7A620087C752 /* ThreadedDictionary.swift in Sources */ = {isa = PBXBuildFile; fileRef = 43056C9D290E7A620087C752 /* ThreadedDictionary.swift */; };
		43056CCC290E7A620087C752 /* ThreadedArray.swift in Sources */ = {isa = PBXBuildFile; fileRef = 43056C9E290E7A620087C752 /* ThreadedArray.swift */; };
		43056CCD290E7A620087C752 /* Duration.swift in Sources */ = {isa = PBXBuildFile; fileRef = 43056C9F290E7A620087C752 /* Duration.swift */; };
		43056CCE290E7A620087C752 /* DownloadCoverOperation.swift in Sources */ = {isa = PBXBuildFile; fileRef = 43056CA1290E7A620087C752 /* DownloadCoverOperation.swift */; };
		43056CCF290E7A620087C752 /* ProcessCoverOperation.swift in Sources */ = {isa = PBXBuildFile; fileRef = 43056CA2290E7A620087C752 /* ProcessCoverOperation.swift */; };
		43056CD0290E7A620087C752 /* CoverOperations.swift in Sources */ = {isa = PBXBuildFile; fileRef = 43056CA3290E7A620087C752 /* CoverOperations.swift */; };
		43056CD1290E7A620087C752 /* CGContext+Extensions.swift in Sources */ = {isa = PBXBuildFile; fileRef = 43056CA5290E7A620087C752 /* CGContext+Extensions.swift */; };
		43056CD2290E7A620087C752 /* UIViewController+Extensions.swift in Sources */ = {isa = PBXBuildFile; fileRef = 43056CA6290E7A620087C752 /* UIViewController+Extensions.swift */; };
		43056CD3290E7A620087C752 /* UIView+Extensions.swift in Sources */ = {isa = PBXBuildFile; fileRef = 43056CA7290E7A620087C752 /* UIView+Extensions.swift */; };
		43056CD4290E7A620087C752 /* Notification+Extensions.swift in Sources */ = {isa = PBXBuildFile; fileRef = 43056CA8290E7A620087C752 /* Notification+Extensions.swift */; };
		43056CD5290E7A620087C752 /* CGSize+Extensions.swift in Sources */ = {isa = PBXBuildFile; fileRef = 43056CA9290E7A620087C752 /* CGSize+Extensions.swift */; };
		43056CD6290E7A620087C752 /* String+Extensions.swift in Sources */ = {isa = PBXBuildFile; fileRef = 43056CAA290E7A620087C752 /* String+Extensions.swift */; };
		43056CD7290E7A620087C752 /* UIColor+Extensions.swift in Sources */ = {isa = PBXBuildFile; fileRef = 43056CAB290E7A620087C752 /* UIColor+Extensions.swift */; };
		43056CD8290E7A620087C752 /* UIImage+Extensions.swift in Sources */ = {isa = PBXBuildFile; fileRef = 43056CAC290E7A620087C752 /* UIImage+Extensions.swift */; };
		43056CD9290E7A620087C752 /* UIDevice+Extensions.swift in Sources */ = {isa = PBXBuildFile; fileRef = 43056CAD290E7A620087C752 /* UIDevice+Extensions.swift */; };
		43056CDA290E7A620087C752 /* UIApplication+Extensions.swift in Sources */ = {isa = PBXBuildFile; fileRef = 43056CAE290E7A620087C752 /* UIApplication+Extensions.swift */; };
		43056CDB290E7A620087C752 /* FileManager+Extensions.swift in Sources */ = {isa = PBXBuildFile; fileRef = 43056CAF290E7A620087C752 /* FileManager+Extensions.swift */; };
		43056CDC290E7A620087C752 /* CGPoint+Extensions.swift in Sources */ = {isa = PBXBuildFile; fileRef = 43056CB0290E7A620087C752 /* CGPoint+Extensions.swift */; };
		43056CDD290E7A620087C752 /* NotificationCenter+Extensions.swift in Sources */ = {isa = PBXBuildFile; fileRef = 43056CB1290E7A620087C752 /* NotificationCenter+Extensions.swift */; };
		43056CDE290E7A620087C752 /* UIScrollView+Extensions.swift in Sources */ = {isa = PBXBuildFile; fileRef = 43056CB2290E7A620087C752 /* UIScrollView+Extensions.swift */; };
		43056CDF290E7A620087C752 /* Number+Extensions.swift in Sources */ = {isa = PBXBuildFile; fileRef = 43056CB3290E7A620087C752 /* Number+Extensions.swift */; };
		43056CE0290E7A620087C752 /* CGImage+Extensions.swift in Sources */ = {isa = PBXBuildFile; fileRef = 43056CB4290E7A620087C752 /* CGImage+Extensions.swift */; };
		43056CE1290E7A620087C752 /* CGRect+Extensions.swift in Sources */ = {isa = PBXBuildFile; fileRef = 43056CB5290E7A620087C752 /* CGRect+Extensions.swift */; };
		43056CE2290E7A620087C752 /* ReuseIdentifying.swift in Sources */ = {isa = PBXBuildFile; fileRef = 43056CB6290E7A620087C752 /* ReuseIdentifying.swift */; };
		43056CE3290E7A620087C752 /* MPDConnection.swift in Sources */ = {isa = PBXBuildFile; fileRef = 43056CB8290E7A620087C752 /* MPDConnection.swift */; };
		43056CE4290E7A620087C752 /* MPDServer.swift in Sources */ = {isa = PBXBuildFile; fileRef = 43056CB9290E7A620087C752 /* MPDServer.swift */; };
		43056CE5290E7A620087C752 /* ServerManager.swift in Sources */ = {isa = PBXBuildFile; fileRef = 43056CBA290E7A620087C752 /* ServerManager.swift */; };
		43056CE6290E7A620087C752 /* MPDBridge.swift in Sources */ = {isa = PBXBuildFile; fileRef = 43056CBB290E7A620087C752 /* MPDBridge.swift */; };
		43056CE7290E7A620087C752 /* Track.swift in Sources */ = {isa = PBXBuildFile; fileRef = 43056CBD290E7A620087C752 /* Track.swift */; };
		43056CE8290E7A620087C752 /* Genre.swift in Sources */ = {isa = PBXBuildFile; fileRef = 43056CBE290E7A620087C752 /* Genre.swift */; };
		43056CE9290E7A620087C752 /* MusicalEntity.swift in Sources */ = {isa = PBXBuildFile; fileRef = 43056CBF290E7A620087C752 /* MusicalEntity.swift */; };
		43056CEA290E7A620087C752 /* Album.swift in Sources */ = {isa = PBXBuildFile; fileRef = 43056CC0290E7A620087C752 /* Album.swift */; };
		43056CEB290E7A620087C752 /* Artist.swift in Sources */ = {isa = PBXBuildFile; fileRef = 43056CC1290E7A620087C752 /* Artist.swift */; };
		43056CEC290E7A620087C752 /* Playlist.swift in Sources */ = {isa = PBXBuildFile; fileRef = 43056CC2290E7A620087C752 /* Playlist.swift */; };
		43056CEE290E7B350087C752 /* UIResponder+Extensions.swift in Sources */ = {isa = PBXBuildFile; fileRef = 43056CED290E7B350087C752 /* UIResponder+Extensions.swift */; };
		43CA3C52290E6C5D00B47A8B /* AppDelegate.swift in Sources */ = {isa = PBXBuildFile; fileRef = 43CA3C51290E6C5D00B47A8B /* AppDelegate.swift */; };
		43CA3C54290E6C5D00B47A8B /* SceneDelegate.swift in Sources */ = {isa = PBXBuildFile; fileRef = 43CA3C53290E6C5D00B47A8B /* SceneDelegate.swift */; };
		43CA3C5B290E6C5D00B47A8B /* Assets.xcassets in Resources */ = {isa = PBXBuildFile; fileRef = 43CA3C5A290E6C5D00B47A8B /* Assets.xcassets */; };
		43CA3C5E290E6C5D00B47A8B /* LaunchScreen.storyboard in Resources */ = {isa = PBXBuildFile; fileRef = 43CA3C5C290E6C5D00B47A8B /* LaunchScreen.storyboard */; };
		43CA3C6C290E727C00B47A8B /* Defaults in Frameworks */ = {isa = PBXBuildFile; productRef = 43CA3C6B290E727C00B47A8B /* Defaults */; };
		43CA3C6E290E727C00B47A8B /* Logging in Frameworks */ = {isa = PBXBuildFile; productRef = 43CA3C6D290E727C00B47A8B /* Logging */; };
		43CA3C70290E727C00B47A8B /* SwiftyMPDClient in Frameworks */ = {isa = PBXBuildFile; productRef = 43CA3C6F290E727C00B47A8B /* SwiftyMPDClient */; };
		43E13FDC290FE72300F67A1A /* ZeroConfBrowserVC.swift in Sources */ = {isa = PBXBuildFile; fileRef = 43E13FA0290FE72300F67A1A /* ZeroConfBrowserVC.swift */; };
		43E13FDD290FE72300F67A1A /* OutputsListVC.swift in Sources */ = {isa = PBXBuildFile; fileRef = 43E13FA1290FE72300F67A1A /* OutputsListVC.swift */; };
		43E13FDE290FE72300F67A1A /* SettingsVC.swift in Sources */ = {isa = PBXBuildFile; fileRef = 43E13FA2290FE72300F67A1A /* SettingsVC.swift */; };
		43E13FDF290FE72300F67A1A /* ServerVC.swift in Sources */ = {isa = PBXBuildFile; fileRef = 43E13FA3290FE72300F67A1A /* ServerVC.swift */; };
		43E13FE0290FE72300F67A1A /* MusicalCollectionDataSourceAndDelegate.swift in Sources */ = {isa = PBXBuildFile; fileRef = 43E13FA4290FE72300F67A1A /* MusicalCollectionDataSourceAndDelegate.swift */; };
		43E13FE1290FE72300F67A1A /* AlbumDetailVC.swift in Sources */ = {isa = PBXBuildFile; fileRef = 43E13FA5290FE72300F67A1A /* AlbumDetailVC.swift */; };
		43E13FE2290FE72300F67A1A /* AlbumsListVC.swift in Sources */ = {isa = PBXBuildFile; fileRef = 43E13FA6290FE72300F67A1A /* AlbumsListVC.swift */; };
		43E13FE3290FE72300F67A1A /* DirectoriesVC.swift in Sources */ = {isa = PBXBuildFile; fileRef = 43E13FA7290FE72300F67A1A /* DirectoriesVC.swift */; };
		43E13FE4290FE72300F67A1A /* SearchVC.swift in Sources */ = {isa = PBXBuildFile; fileRef = 43E13FA8290FE72300F67A1A /* SearchVC.swift */; };
		43E13FE5290FE72300F67A1A /* PlaylistDetailVC.swift in Sources */ = {isa = PBXBuildFile; fileRef = 43E13FA9290FE72300F67A1A /* PlaylistDetailVC.swift */; };
		43E13FE6290FE72300F67A1A /* LibraryVC.swift in Sources */ = {isa = PBXBuildFile; fileRef = 43E13FAA290FE72300F67A1A /* LibraryVC.swift */; };
		43E13FE7290FE72300F67A1A /* PlayerVC.swift in Sources */ = {isa = PBXBuildFile; fileRef = 43E13FAB290FE72300F67A1A /* PlayerVC.swift */; };
		43E13FE8290FE72300F67A1A /* GenreDetailVC.swift in Sources */ = {isa = PBXBuildFile; fileRef = 43E13FAC290FE72300F67A1A /* GenreDetailVC.swift */; };
		43E13FE9290FE72300F67A1A /* AlbumsListVC_ipad.swift in Sources */ = {isa = PBXBuildFile; fileRef = 43E13FAE290FE72300F67A1A /* AlbumsListVC_ipad.swift */; };
		43E13FEA290FE72300F67A1A /* DirectoriesVC_ipad.swift in Sources */ = {isa = PBXBuildFile; fileRef = 43E13FAF290FE72300F67A1A /* DirectoriesVC_ipad.swift */; };
		43E13FEB290FE72300F67A1A /* MusicalCollectionVC_ipad.swift in Sources */ = {isa = PBXBuildFile; fileRef = 43E13FB0290FE72300F67A1A /* MusicalCollectionVC_ipad.swift */; };
		43E13FEC290FE72300F67A1A /* UpNextVC_ipad.swift in Sources */ = {isa = PBXBuildFile; fileRef = 43E13FB1290FE72300F67A1A /* UpNextVC_ipad.swift */; };
		43E13FED290FE72300F67A1A /* AlbumDetailVC_ipad.swift in Sources */ = {isa = PBXBuildFile; fileRef = 43E13FB2290FE72300F67A1A /* AlbumDetailVC_ipad.swift */; };
		43E13FEE290FE72300F67A1A /* PlayerVC_ipad.swift in Sources */ = {isa = PBXBuildFile; fileRef = 43E13FB3290FE72300F67A1A /* PlayerVC_ipad.swift */; };
		43E13FEF290FE72300F67A1A /* GenreDetailVC_ipad.swift in Sources */ = {isa = PBXBuildFile; fileRef = 43E13FB4290FE72300F67A1A /* GenreDetailVC_ipad.swift */; };
		43E13FF0290FE72300F67A1A /* LibraryVC_ipad.swift in Sources */ = {isa = PBXBuildFile; fileRef = 43E13FB5290FE72300F67A1A /* LibraryVC_ipad.swift */; };
		43E13FF1290FE72300F67A1A /* PlaylistDetailVC_ipad.swift in Sources */ = {isa = PBXBuildFile; fileRef = 43E13FB6290FE72300F67A1A /* PlaylistDetailVC_ipad.swift */; };
		43E13FF2290FE72300F67A1A /* TypeChoiceVC.swift in Sources */ = {isa = PBXBuildFile; fileRef = 43E13FB7290FE72300F67A1A /* TypeChoiceVC.swift */; };
		43E13FF3290FE72300F67A1A /* MusicalCollectionVC.swift in Sources */ = {isa = PBXBuildFile; fileRef = 43E13FB8290FE72300F67A1A /* MusicalCollectionVC.swift */; };
		43E13FF4290FE72300F67A1A /* ContainerVC.swift in Sources */ = {isa = PBXBuildFile; fileRef = 43E13FBA290FE72300F67A1A /* ContainerVC.swift */; };
		43E13FF5290FE72300F67A1A /* NYXControllers.swift in Sources */ = {isa = PBXBuildFile; fileRef = 43E13FBB290FE72300F67A1A /* NYXControllers.swift */; };
		43E13FF6290FE72300F67A1A /* UpNextVC.swift in Sources */ = {isa = PBXBuildFile; fileRef = 43E13FBC290FE72300F67A1A /* UpNextVC.swift */; };
		43E13FF7290FE72300F67A1A /* PlaylistsAddVC.swift in Sources */ = {isa = PBXBuildFile; fileRef = 43E13FBD290FE72300F67A1A /* PlaylistsAddVC.swift */; };
		43E13FF8290FE72300F67A1A /* MusicalEntityCollectionViewCell.swift in Sources */ = {isa = PBXBuildFile; fileRef = 43E13FC0290FE72300F67A1A /* MusicalEntityCollectionViewCell.swift */; };
		43E13FF9290FE72300F67A1A /* ShinobuServerTableViewCell.swift in Sources */ = {isa = PBXBuildFile; fileRef = 43E13FC1290FE72300F67A1A /* ShinobuServerTableViewCell.swift */; };
		43E13FFA290FE72300F67A1A /* TrackTableViewCell.swift in Sources */ = {isa = PBXBuildFile; fileRef = 43E13FC2290FE72300F67A1A /* TrackTableViewCell.swift */; };
		43E13FFB290FE72300F67A1A /* TrackTableViewCell_ipad.swift in Sources */ = {isa = PBXBuildFile; fileRef = 43E13FC4290FE72300F67A1A /* TrackTableViewCell_ipad.swift */; };
		43E13FFC290FE72300F67A1A /* SearchResultTableViewCell.swift in Sources */ = {isa = PBXBuildFile; fileRef = 43E13FC5290FE72300F67A1A /* SearchResultTableViewCell.swift */; };
		43E13FFD290FE72300F67A1A /* UpNextTableViewCell.swift in Sources */ = {isa = PBXBuildFile; fileRef = 43E13FC6290FE72300F67A1A /* UpNextTableViewCell.swift */; };
		43E13FFE290FE72300F67A1A /* TitlesIndexView.swift in Sources */ = {isa = PBXBuildFile; fileRef = 43E13FC8290FE72300F67A1A /* TitlesIndexView.swift */; };
		43E13FFF290FE72300F67A1A /* MusicalCollectionView.swift in Sources */ = {isa = PBXBuildFile; fileRef = 43E13FC9290FE72300F67A1A /* MusicalCollectionView.swift */; };
		43E14000290FE72300F67A1A /* LetterView.swift in Sources */ = {isa = PBXBuildFile; fileRef = 43E13FCA290FE72300F67A1A /* LetterView.swift */; };
		43E14001290FE72300F67A1A /* NYXNavigationTitleView.swift in Sources */ = {isa = PBXBuildFile; fileRef = 43E13FCB290FE72300F67A1A /* NYXNavigationTitleView.swift */; };
		43E14002290FE72300F67A1A /* ImagedLabel.swift in Sources */ = {isa = PBXBuildFile; fileRef = 43E13FCD290FE72300F67A1A /* ImagedLabel.swift */; };
		43E14003290FE72300F67A1A /* AutoScrollLabel.swift in Sources */ = {isa = PBXBuildFile; fileRef = 43E13FCE290FE72300F67A1A /* AutoScrollLabel.swift */; };
		43E14004290FE72300F67A1A /* AwesomeButton.swift in Sources */ = {isa = PBXBuildFile; fileRef = 43E13FCF290FE72300F67A1A /* AwesomeButton.swift */; };
		43E14005290FE72300F67A1A /* Slider.swift in Sources */ = {isa = PBXBuildFile; fileRef = 43E13FD0290FE72300F67A1A /* Slider.swift */; };
		43E14006290FE72300F67A1A /* LabeledSlider.swift in Sources */ = {isa = PBXBuildFile; fileRef = 43E13FD1290FE72300F67A1A /* LabeledSlider.swift */; };
		43E14007290FE72300F67A1A /* SearchField.swift in Sources */ = {isa = PBXBuildFile; fileRef = 43E13FD2290FE72300F67A1A /* SearchField.swift */; };
		43E14008290FE72300F67A1A /* Button.swift in Sources */ = {isa = PBXBuildFile; fileRef = 43E13FD3290FE72300F67A1A /* Button.swift */; };
		43E14009290FE72300F67A1A /* ImagedSlider.swift in Sources */ = {isa = PBXBuildFile; fileRef = 43E13FD4290FE72300F67A1A /* ImagedSlider.swift */; };
		43E1400A290FE72300F67A1A /* TracksListTableView.swift in Sources */ = {isa = PBXBuildFile; fileRef = 43E13FD5290FE72300F67A1A /* TracksListTableView.swift */; };
		43E1400B290FE72300F67A1A /* AlbumHeaderView.swift in Sources */ = {isa = PBXBuildFile; fileRef = 43E13FD6290FE72300F67A1A /* AlbumHeaderView.swift */; };
		43E1400C290FE72300F67A1A /* InteractableImageView.swift in Sources */ = {isa = PBXBuildFile; fileRef = 43E13FD7290FE72300F67A1A /* InteractableImageView.swift */; };
		43E1400D290FE72300F67A1A /* TracksListTableView_ipad.swift in Sources */ = {isa = PBXBuildFile; fileRef = 43E13FD9290FE72300F67A1A /* TracksListTableView_ipad.swift */; };
		43E1400E290FE72300F67A1A /* AlbumHeaderView_ipad.swift in Sources */ = {isa = PBXBuildFile; fileRef = 43E13FDA290FE72300F67A1A /* AlbumHeaderView_ipad.swift */; };
		43E1400F290FE72300F67A1A /* MessageView.swift in Sources */ = {isa = PBXBuildFile; fileRef = 43E13FDB290FE72300F67A1A /* MessageView.swift */; };
		43E1402D290FF45000F67A1A /* WidgetKit.framework in Frameworks */ = {isa = PBXBuildFile; fileRef = 43E14016290FF19B00F67A1A /* WidgetKit.framework */; };
		43E1402E290FF45000F67A1A /* SwiftUI.framework in Frameworks */ = {isa = PBXBuildFile; fileRef = 43E14018290FF19B00F67A1A /* SwiftUI.framework */; };
		43E14031290FF45000F67A1A /* ShinobuWidget.swift in Sources */ = {isa = PBXBuildFile; fileRef = 43E14030290FF45000F67A1A /* ShinobuWidget.swift */; };
		43E14033290FF45100F67A1A /* Assets.xcassets in Resources */ = {isa = PBXBuildFile; fileRef = 43E14032290FF45100F67A1A /* Assets.xcassets */; };
		43E14037290FF45100F67A1A /* ShinobuWidgetExtension.appex in Embed Foundation Extensions */ = {isa = PBXBuildFile; fileRef = 43E1402C290FF45000F67A1A /* ShinobuWidgetExtension.appex */; settings = {ATTRIBUTES = (RemoveHeadersOnCopy, ); }; };
		43E1403C290FF83400F67A1A /* AppDefaults.swift in Sources */ = {isa = PBXBuildFile; fileRef = 43056C95290E7A620087C752 /* AppDefaults.swift */; };
		43E1403D290FF83400F67A1A /* Cache.swift in Sources */ = {isa = PBXBuildFile; fileRef = 43056C98290E7A620087C752 /* Cache.swift */; };
		43E1403E290FF83400F67A1A /* Duration.swift in Sources */ = {isa = PBXBuildFile; fileRef = 43056C9F290E7A620087C752 /* Duration.swift */; };
		43E1403F290FF83400F67A1A /* ImageCache.swift in Sources */ = {isa = PBXBuildFile; fileRef = 43056C94290E7A620087C752 /* ImageCache.swift */; };
		43E14040290FF84500F67A1A /* Album.swift in Sources */ = {isa = PBXBuildFile; fileRef = 43056CC0290E7A620087C752 /* Album.swift */; };
		43E14041290FF84500F67A1A /* Artist.swift in Sources */ = {isa = PBXBuildFile; fileRef = 43056CC1290E7A620087C752 /* Artist.swift */; };
		43E14042290FF84500F67A1A /* Genre.swift in Sources */ = {isa = PBXBuildFile; fileRef = 43056CBE290E7A620087C752 /* Genre.swift */; };
		43E14043290FF84500F67A1A /* MusicalEntity.swift in Sources */ = {isa = PBXBuildFile; fileRef = 43056CBF290E7A620087C752 /* MusicalEntity.swift */; };
		43E14044290FF84500F67A1A /* Playlist.swift in Sources */ = {isa = PBXBuildFile; fileRef = 43056CC2290E7A620087C752 /* Playlist.swift */; };
		43E14045290FF84500F67A1A /* Track.swift in Sources */ = {isa = PBXBuildFile; fileRef = 43056CBD290E7A620087C752 /* Track.swift */; };
		43E14046290FF85A00F67A1A /* FileManager+Extensions.swift in Sources */ = {isa = PBXBuildFile; fileRef = 43056CAF290E7A620087C752 /* FileManager+Extensions.swift */; };
		43E14047290FF86600F67A1A /* Number+Extensions.swift in Sources */ = {isa = PBXBuildFile; fileRef = 43056CB3290E7A620087C752 /* Number+Extensions.swift */; };
		43E14048290FF86E00F67A1A /* UIDevice+Extensions.swift in Sources */ = {isa = PBXBuildFile; fileRef = 43056CAD290E7A620087C752 /* UIDevice+Extensions.swift */; };
		43E14049290FF87400F67A1A /* String+Extensions.swift in Sources */ = {isa = PBXBuildFile; fileRef = 43056CAA290E7A620087C752 /* String+Extensions.swift */; };
		43E1404A290FF87C00F67A1A /* MPDBridge.swift in Sources */ = {isa = PBXBuildFile; fileRef = 43056CBB290E7A620087C752 /* MPDBridge.swift */; };
		43E1404C290FF88600F67A1A /* Defaults in Frameworks */ = {isa = PBXBuildFile; productRef = 43E1404B290FF88600F67A1A /* Defaults */; };
		43E14050290FF88600F67A1A /* SwiftyMPDClient in Frameworks */ = {isa = PBXBuildFile; productRef = 43E1404F290FF88600F67A1A /* SwiftyMPDClient */; };
		43E14051290FF89200F67A1A /* MPDConnection.swift in Sources */ = {isa = PBXBuildFile; fileRef = 43056CB8290E7A620087C752 /* MPDConnection.swift */; };
		43E14052290FF89200F67A1A /* MPDServer.swift in Sources */ = {isa = PBXBuildFile; fileRef = 43056CB9290E7A620087C752 /* MPDServer.swift */; };
		43E14053290FF89200F67A1A /* ServerManager.swift in Sources */ = {isa = PBXBuildFile; fileRef = 43056CBA290E7A620087C752 /* ServerManager.swift */; };
		43E14054290FF89900F67A1A /* UIImage+Extensions.swift in Sources */ = {isa = PBXBuildFile; fileRef = 43056CAC290E7A620087C752 /* UIImage+Extensions.swift */; };
		43E14055290FF8A100F67A1A /* Message.swift in Sources */ = {isa = PBXBuildFile; fileRef = 43056C96290E7A620087C752 /* Message.swift */; };
		43E14056290FF8AE00F67A1A /* CGPoint+Extensions.swift in Sources */ = {isa = PBXBuildFile; fileRef = 43056CB0290E7A620087C752 /* CGPoint+Extensions.swift */; };
		43E14057290FF8AE00F67A1A /* CGRect+Extensions.swift in Sources */ = {isa = PBXBuildFile; fileRef = 43056CB5290E7A620087C752 /* CGRect+Extensions.swift */; };
		43E14058290FF8AE00F67A1A /* CGSize+Extensions.swift in Sources */ = {isa = PBXBuildFile; fileRef = 43056CA9290E7A620087C752 /* CGSize+Extensions.swift */; };
		43E14059290FF8B800F67A1A /* CoverOperations.swift in Sources */ = {isa = PBXBuildFile; fileRef = 43056CA3290E7A620087C752 /* CoverOperations.swift */; };
		43E1405A290FF8B800F67A1A /* DownloadCoverOperation.swift in Sources */ = {isa = PBXBuildFile; fileRef = 43056CA1290E7A620087C752 /* DownloadCoverOperation.swift */; };
		43E1405B290FF8B800F67A1A /* ProcessCoverOperation.swift in Sources */ = {isa = PBXBuildFile; fileRef = 43056CA2290E7A620087C752 /* ProcessCoverOperation.swift */; };
		43E1405C290FF8B800F67A1A /* OperationManager.swift in Sources */ = {isa = PBXBuildFile; fileRef = 43056C99290E7A620087C752 /* OperationManager.swift */; };
		43E1405D290FF8C100F67A1A /* Notification+Extensions.swift in Sources */ = {isa = PBXBuildFile; fileRef = 43056CA8290E7A620087C752 /* Notification+Extensions.swift */; };
		43E1405E290FF8C100F67A1A /* NotificationCenter+Extensions.swift in Sources */ = {isa = PBXBuildFile; fileRef = 43056CB1290E7A620087C752 /* NotificationCenter+Extensions.swift */; };
		43E1405F290FF8CB00F67A1A /* CGContext+Extensions.swift in Sources */ = {isa = PBXBuildFile; fileRef = 43056CA5290E7A620087C752 /* CGContext+Extensions.swift */; };
		43E14060290FF8CB00F67A1A /* CGImage+Extensions.swift in Sources */ = {isa = PBXBuildFile; fileRef = 43056CB4290E7A620087C752 /* CGImage+Extensions.swift */; };
		43E14062290FF99900F67A1A /* Logging in Frameworks */ = {isa = PBXBuildFile; productRef = 43E14061290FF99900F67A1A /* Logging */; };
/* End PBXBuildFile section */

/* Begin PBXContainerItemProxy section */
		43E14035290FF45100F67A1A /* PBXContainerItemProxy */ = {
			isa = PBXContainerItemProxy;
			containerPortal = 43CA3C46290E6C5D00B47A8B /* Project object */;
			proxyType = 1;
			remoteGlobalIDString = 43E1402B290FF45000F67A1A;
			remoteInfo = ShinobuWidgetExtension;
		};
/* End PBXContainerItemProxy section */

/* Begin PBXCopyFilesBuildPhase section */
		43E14026290FF19C00F67A1A /* Embed Foundation Extensions */ = {
			isa = PBXCopyFilesBuildPhase;
			buildActionMask = 2147483647;
			dstPath = "";
			dstSubfolderSpec = 13;
			files = (
				43E14037290FF45100F67A1A /* ShinobuWidgetExtension.appex in Embed Foundation Extensions */,
			);
			name = "Embed Foundation Extensions";
			runOnlyForDeploymentPostprocessing = 0;
		};
/* End PBXCopyFilesBuildPhase section */

/* Begin PBXFileReference section */
		43056C89290E76050087C752 /* fr */ = {isa = PBXFileReference; lastKnownFileType = file.storyboard; name = fr; path = fr.lproj/LaunchScreen.storyboard; sourceTree = "<group>"; };
		43056C8D290E76610087C752 /* fr */ = {isa = PBXFileReference; lastKnownFileType = text.plist.strings; name = fr; path = fr.lproj/Localizable.strings; sourceTree = "<group>"; };
		43056C8F290E767E0087C752 /* en */ = {isa = PBXFileReference; lastKnownFileType = text.plist.strings; name = en; path = en.lproj/Localizable.strings; sourceTree = "<group>"; };
		43056C94290E7A620087C752 /* ImageCache.swift */ = {isa = PBXFileReference; fileEncoding = 4; lastKnownFileType = sourcecode.swift; path = ImageCache.swift; sourceTree = "<group>"; };
		43056C95290E7A620087C752 /* AppDefaults.swift */ = {isa = PBXFileReference; fileEncoding = 4; lastKnownFileType = sourcecode.swift; path = AppDefaults.swift; sourceTree = "<group>"; };
		43056C96290E7A620087C752 /* Message.swift */ = {isa = PBXFileReference; fileEncoding = 4; lastKnownFileType = sourcecode.swift; path = Message.swift; sourceTree = "<group>"; };
		43056C97290E7A620087C752 /* ZeroConfExplorer.swift */ = {isa = PBXFileReference; fileEncoding = 4; lastKnownFileType = sourcecode.swift; path = ZeroConfExplorer.swift; sourceTree = "<group>"; };
		43056C98290E7A620087C752 /* Cache.swift */ = {isa = PBXFileReference; fileEncoding = 4; lastKnownFileType = sourcecode.swift; path = Cache.swift; sourceTree = "<group>"; };
		43056C99290E7A620087C752 /* OperationManager.swift */ = {isa = PBXFileReference; fileEncoding = 4; lastKnownFileType = sourcecode.swift; path = OperationManager.swift; sourceTree = "<group>"; };
		43056C9A290E7A620087C752 /* SubscribableValue.swift */ = {isa = PBXFileReference; fileEncoding = 4; lastKnownFileType = sourcecode.swift; path = SubscribableValue.swift; sourceTree = "<group>"; };
		43056C9C290E7A620087C752 /* ThreadedObject.swift */ = {isa = PBXFileReference; fileEncoding = 4; lastKnownFileType = sourcecode.swift; path = ThreadedObject.swift; sourceTree = "<group>"; };
		43056C9D290E7A620087C752 /* ThreadedDictionary.swift */ = {isa = PBXFileReference; fileEncoding = 4; lastKnownFileType = sourcecode.swift; path = ThreadedDictionary.swift; sourceTree = "<group>"; };
		43056C9E290E7A620087C752 /* ThreadedArray.swift */ = {isa = PBXFileReference; fileEncoding = 4; lastKnownFileType = sourcecode.swift; path = ThreadedArray.swift; sourceTree = "<group>"; };
		43056C9F290E7A620087C752 /* Duration.swift */ = {isa = PBXFileReference; fileEncoding = 4; lastKnownFileType = sourcecode.swift; path = Duration.swift; sourceTree = "<group>"; };
		43056CA1290E7A620087C752 /* DownloadCoverOperation.swift */ = {isa = PBXFileReference; fileEncoding = 4; lastKnownFileType = sourcecode.swift; path = DownloadCoverOperation.swift; sourceTree = "<group>"; };
		43056CA2290E7A620087C752 /* ProcessCoverOperation.swift */ = {isa = PBXFileReference; fileEncoding = 4; lastKnownFileType = sourcecode.swift; path = ProcessCoverOperation.swift; sourceTree = "<group>"; };
		43056CA3290E7A620087C752 /* CoverOperations.swift */ = {isa = PBXFileReference; fileEncoding = 4; lastKnownFileType = sourcecode.swift; path = CoverOperations.swift; sourceTree = "<group>"; };
		43056CA5290E7A620087C752 /* CGContext+Extensions.swift */ = {isa = PBXFileReference; fileEncoding = 4; lastKnownFileType = sourcecode.swift; path = "CGContext+Extensions.swift"; sourceTree = "<group>"; };
		43056CA6290E7A620087C752 /* UIViewController+Extensions.swift */ = {isa = PBXFileReference; fileEncoding = 4; lastKnownFileType = sourcecode.swift; path = "UIViewController+Extensions.swift"; sourceTree = "<group>"; };
		43056CA7290E7A620087C752 /* UIView+Extensions.swift */ = {isa = PBXFileReference; fileEncoding = 4; lastKnownFileType = sourcecode.swift; path = "UIView+Extensions.swift"; sourceTree = "<group>"; };
		43056CA8290E7A620087C752 /* Notification+Extensions.swift */ = {isa = PBXFileReference; fileEncoding = 4; lastKnownFileType = sourcecode.swift; path = "Notification+Extensions.swift"; sourceTree = "<group>"; };
		43056CA9290E7A620087C752 /* CGSize+Extensions.swift */ = {isa = PBXFileReference; fileEncoding = 4; lastKnownFileType = sourcecode.swift; path = "CGSize+Extensions.swift"; sourceTree = "<group>"; };
		43056CAA290E7A620087C752 /* String+Extensions.swift */ = {isa = PBXFileReference; fileEncoding = 4; lastKnownFileType = sourcecode.swift; path = "String+Extensions.swift"; sourceTree = "<group>"; };
		43056CAB290E7A620087C752 /* UIColor+Extensions.swift */ = {isa = PBXFileReference; fileEncoding = 4; lastKnownFileType = sourcecode.swift; path = "UIColor+Extensions.swift"; sourceTree = "<group>"; };
		43056CAC290E7A620087C752 /* UIImage+Extensions.swift */ = {isa = PBXFileReference; fileEncoding = 4; lastKnownFileType = sourcecode.swift; path = "UIImage+Extensions.swift"; sourceTree = "<group>"; };
		43056CAD290E7A620087C752 /* UIDevice+Extensions.swift */ = {isa = PBXFileReference; fileEncoding = 4; lastKnownFileType = sourcecode.swift; path = "UIDevice+Extensions.swift"; sourceTree = "<group>"; };
		43056CAE290E7A620087C752 /* UIApplication+Extensions.swift */ = {isa = PBXFileReference; fileEncoding = 4; lastKnownFileType = sourcecode.swift; path = "UIApplication+Extensions.swift"; sourceTree = "<group>"; };
		43056CAF290E7A620087C752 /* FileManager+Extensions.swift */ = {isa = PBXFileReference; fileEncoding = 4; lastKnownFileType = sourcecode.swift; path = "FileManager+Extensions.swift"; sourceTree = "<group>"; };
		43056CB0290E7A620087C752 /* CGPoint+Extensions.swift */ = {isa = PBXFileReference; fileEncoding = 4; lastKnownFileType = sourcecode.swift; path = "CGPoint+Extensions.swift"; sourceTree = "<group>"; };
		43056CB1290E7A620087C752 /* NotificationCenter+Extensions.swift */ = {isa = PBXFileReference; fileEncoding = 4; lastKnownFileType = sourcecode.swift; path = "NotificationCenter+Extensions.swift"; sourceTree = "<group>"; };
		43056CB2290E7A620087C752 /* UIScrollView+Extensions.swift */ = {isa = PBXFileReference; fileEncoding = 4; lastKnownFileType = sourcecode.swift; path = "UIScrollView+Extensions.swift"; sourceTree = "<group>"; };
		43056CB3290E7A620087C752 /* Number+Extensions.swift */ = {isa = PBXFileReference; fileEncoding = 4; lastKnownFileType = sourcecode.swift; path = "Number+Extensions.swift"; sourceTree = "<group>"; };
		43056CB4290E7A620087C752 /* CGImage+Extensions.swift */ = {isa = PBXFileReference; fileEncoding = 4; lastKnownFileType = sourcecode.swift; path = "CGImage+Extensions.swift"; sourceTree = "<group>"; };
		43056CB5290E7A620087C752 /* CGRect+Extensions.swift */ = {isa = PBXFileReference; fileEncoding = 4; lastKnownFileType = sourcecode.swift; path = "CGRect+Extensions.swift"; sourceTree = "<group>"; };
		43056CB6290E7A620087C752 /* ReuseIdentifying.swift */ = {isa = PBXFileReference; fileEncoding = 4; lastKnownFileType = sourcecode.swift; path = ReuseIdentifying.swift; sourceTree = "<group>"; };
		43056CB8290E7A620087C752 /* MPDConnection.swift */ = {isa = PBXFileReference; fileEncoding = 4; lastKnownFileType = sourcecode.swift; path = MPDConnection.swift; sourceTree = "<group>"; };
		43056CB9290E7A620087C752 /* MPDServer.swift */ = {isa = PBXFileReference; fileEncoding = 4; lastKnownFileType = sourcecode.swift; path = MPDServer.swift; sourceTree = "<group>"; };
		43056CBA290E7A620087C752 /* ServerManager.swift */ = {isa = PBXFileReference; fileEncoding = 4; lastKnownFileType = sourcecode.swift; path = ServerManager.swift; sourceTree = "<group>"; };
		43056CBB290E7A620087C752 /* MPDBridge.swift */ = {isa = PBXFileReference; fileEncoding = 4; lastKnownFileType = sourcecode.swift; path = MPDBridge.swift; sourceTree = "<group>"; };
		43056CBD290E7A620087C752 /* Track.swift */ = {isa = PBXFileReference; fileEncoding = 4; lastKnownFileType = sourcecode.swift; path = Track.swift; sourceTree = "<group>"; };
		43056CBE290E7A620087C752 /* Genre.swift */ = {isa = PBXFileReference; fileEncoding = 4; lastKnownFileType = sourcecode.swift; path = Genre.swift; sourceTree = "<group>"; };
		43056CBF290E7A620087C752 /* MusicalEntity.swift */ = {isa = PBXFileReference; fileEncoding = 4; lastKnownFileType = sourcecode.swift; path = MusicalEntity.swift; sourceTree = "<group>"; };
		43056CC0290E7A620087C752 /* Album.swift */ = {isa = PBXFileReference; fileEncoding = 4; lastKnownFileType = sourcecode.swift; path = Album.swift; sourceTree = "<group>"; };
		43056CC1290E7A620087C752 /* Artist.swift */ = {isa = PBXFileReference; fileEncoding = 4; lastKnownFileType = sourcecode.swift; path = Artist.swift; sourceTree = "<group>"; };
		43056CC2290E7A620087C752 /* Playlist.swift */ = {isa = PBXFileReference; fileEncoding = 4; lastKnownFileType = sourcecode.swift; path = Playlist.swift; sourceTree = "<group>"; };
		43056CED290E7B350087C752 /* UIResponder+Extensions.swift */ = {isa = PBXFileReference; lastKnownFileType = sourcecode.swift; path = "UIResponder+Extensions.swift"; sourceTree = "<group>"; };
		43CA3C4E290E6C5D00B47A8B /* Shinobu.app */ = {isa = PBXFileReference; explicitFileType = wrapper.application; includeInIndex = 0; path = Shinobu.app; sourceTree = BUILT_PRODUCTS_DIR; };
		43CA3C51290E6C5D00B47A8B /* AppDelegate.swift */ = {isa = PBXFileReference; lastKnownFileType = sourcecode.swift; path = AppDelegate.swift; sourceTree = "<group>"; };
		43CA3C53290E6C5D00B47A8B /* SceneDelegate.swift */ = {isa = PBXFileReference; lastKnownFileType = sourcecode.swift; path = SceneDelegate.swift; sourceTree = "<group>"; };
		43CA3C5A290E6C5D00B47A8B /* Assets.xcassets */ = {isa = PBXFileReference; lastKnownFileType = folder.assetcatalog; path = Assets.xcassets; sourceTree = "<group>"; };
		43CA3C5D290E6C5D00B47A8B /* Base */ = {isa = PBXFileReference; lastKnownFileType = file.storyboard; name = Base; path = Base.lproj/LaunchScreen.storyboard; sourceTree = "<group>"; };
		43CA3C5F290E6C5D00B47A8B /* Info.plist */ = {isa = PBXFileReference; lastKnownFileType = text.plist.xml; path = Info.plist; sourceTree = "<group>"; };
		43CA3C65290E710200B47A8B /* Shinobu.entitlements */ = {isa = PBXFileReference; lastKnownFileType = text.plist.entitlements; path = Shinobu.entitlements; sourceTree = "<group>"; };
		43E13FA0290FE72300F67A1A /* ZeroConfBrowserVC.swift */ = {isa = PBXFileReference; fileEncoding = 4; lastKnownFileType = sourcecode.swift; path = ZeroConfBrowserVC.swift; sourceTree = "<group>"; };
		43E13FA1290FE72300F67A1A /* OutputsListVC.swift */ = {isa = PBXFileReference; fileEncoding = 4; lastKnownFileType = sourcecode.swift; path = OutputsListVC.swift; sourceTree = "<group>"; };
		43E13FA2290FE72300F67A1A /* SettingsVC.swift */ = {isa = PBXFileReference; fileEncoding = 4; lastKnownFileType = sourcecode.swift; path = SettingsVC.swift; sourceTree = "<group>"; };
		43E13FA3290FE72300F67A1A /* ServerVC.swift */ = {isa = PBXFileReference; fileEncoding = 4; lastKnownFileType = sourcecode.swift; path = ServerVC.swift; sourceTree = "<group>"; };
		43E13FA4290FE72300F67A1A /* MusicalCollectionDataSourceAndDelegate.swift */ = {isa = PBXFileReference; fileEncoding = 4; lastKnownFileType = sourcecode.swift; path = MusicalCollectionDataSourceAndDelegate.swift; sourceTree = "<group>"; };
		43E13FA5290FE72300F67A1A /* AlbumDetailVC.swift */ = {isa = PBXFileReference; fileEncoding = 4; lastKnownFileType = sourcecode.swift; path = AlbumDetailVC.swift; sourceTree = "<group>"; };
		43E13FA6290FE72300F67A1A /* AlbumsListVC.swift */ = {isa = PBXFileReference; fileEncoding = 4; lastKnownFileType = sourcecode.swift; path = AlbumsListVC.swift; sourceTree = "<group>"; };
		43E13FA7290FE72300F67A1A /* DirectoriesVC.swift */ = {isa = PBXFileReference; fileEncoding = 4; lastKnownFileType = sourcecode.swift; path = DirectoriesVC.swift; sourceTree = "<group>"; };
		43E13FA8290FE72300F67A1A /* SearchVC.swift */ = {isa = PBXFileReference; fileEncoding = 4; lastKnownFileType = sourcecode.swift; path = SearchVC.swift; sourceTree = "<group>"; };
		43E13FA9290FE72300F67A1A /* PlaylistDetailVC.swift */ = {isa = PBXFileReference; fileEncoding = 4; lastKnownFileType = sourcecode.swift; path = PlaylistDetailVC.swift; sourceTree = "<group>"; };
		43E13FAA290FE72300F67A1A /* LibraryVC.swift */ = {isa = PBXFileReference; fileEncoding = 4; lastKnownFileType = sourcecode.swift; path = LibraryVC.swift; sourceTree = "<group>"; };
		43E13FAB290FE72300F67A1A /* PlayerVC.swift */ = {isa = PBXFileReference; fileEncoding = 4; lastKnownFileType = sourcecode.swift; path = PlayerVC.swift; sourceTree = "<group>"; };
		43E13FAC290FE72300F67A1A /* GenreDetailVC.swift */ = {isa = PBXFileReference; fileEncoding = 4; lastKnownFileType = sourcecode.swift; path = GenreDetailVC.swift; sourceTree = "<group>"; };
		43E13FAE290FE72300F67A1A /* AlbumsListVC_ipad.swift */ = {isa = PBXFileReference; fileEncoding = 4; lastKnownFileType = sourcecode.swift; path = AlbumsListVC_ipad.swift; sourceTree = "<group>"; };
		43E13FAF290FE72300F67A1A /* DirectoriesVC_ipad.swift */ = {isa = PBXFileReference; fileEncoding = 4; lastKnownFileType = sourcecode.swift; path = DirectoriesVC_ipad.swift; sourceTree = "<group>"; };
		43E13FB0290FE72300F67A1A /* MusicalCollectionVC_ipad.swift */ = {isa = PBXFileReference; fileEncoding = 4; lastKnownFileType = sourcecode.swift; path = MusicalCollectionVC_ipad.swift; sourceTree = "<group>"; };
		43E13FB1290FE72300F67A1A /* UpNextVC_ipad.swift */ = {isa = PBXFileReference; fileEncoding = 4; lastKnownFileType = sourcecode.swift; path = UpNextVC_ipad.swift; sourceTree = "<group>"; };
		43E13FB2290FE72300F67A1A /* AlbumDetailVC_ipad.swift */ = {isa = PBXFileReference; fileEncoding = 4; lastKnownFileType = sourcecode.swift; path = AlbumDetailVC_ipad.swift; sourceTree = "<group>"; };
		43E13FB3290FE72300F67A1A /* PlayerVC_ipad.swift */ = {isa = PBXFileReference; fileEncoding = 4; lastKnownFileType = sourcecode.swift; path = PlayerVC_ipad.swift; sourceTree = "<group>"; };
		43E13FB4290FE72300F67A1A /* GenreDetailVC_ipad.swift */ = {isa = PBXFileReference; fileEncoding = 4; lastKnownFileType = sourcecode.swift; path = GenreDetailVC_ipad.swift; sourceTree = "<group>"; };
		43E13FB5290FE72300F67A1A /* LibraryVC_ipad.swift */ = {isa = PBXFileReference; fileEncoding = 4; lastKnownFileType = sourcecode.swift; path = LibraryVC_ipad.swift; sourceTree = "<group>"; };
		43E13FB6290FE72300F67A1A /* PlaylistDetailVC_ipad.swift */ = {isa = PBXFileReference; fileEncoding = 4; lastKnownFileType = sourcecode.swift; path = PlaylistDetailVC_ipad.swift; sourceTree = "<group>"; };
		43E13FB7290FE72300F67A1A /* TypeChoiceVC.swift */ = {isa = PBXFileReference; fileEncoding = 4; lastKnownFileType = sourcecode.swift; path = TypeChoiceVC.swift; sourceTree = "<group>"; };
		43E13FB8290FE72300F67A1A /* MusicalCollectionVC.swift */ = {isa = PBXFileReference; fileEncoding = 4; lastKnownFileType = sourcecode.swift; path = MusicalCollectionVC.swift; sourceTree = "<group>"; };
		43E13FBA290FE72300F67A1A /* ContainerVC.swift */ = {isa = PBXFileReference; fileEncoding = 4; lastKnownFileType = sourcecode.swift; path = ContainerVC.swift; sourceTree = "<group>"; };
		43E13FBB290FE72300F67A1A /* NYXControllers.swift */ = {isa = PBXFileReference; fileEncoding = 4; lastKnownFileType = sourcecode.swift; path = NYXControllers.swift; sourceTree = "<group>"; };
		43E13FBC290FE72300F67A1A /* UpNextVC.swift */ = {isa = PBXFileReference; fileEncoding = 4; lastKnownFileType = sourcecode.swift; path = UpNextVC.swift; sourceTree = "<group>"; };
		43E13FBD290FE72300F67A1A /* PlaylistsAddVC.swift */ = {isa = PBXFileReference; fileEncoding = 4; lastKnownFileType = sourcecode.swift; path = PlaylistsAddVC.swift; sourceTree = "<group>"; };
		43E13FC0290FE72300F67A1A /* MusicalEntityCollectionViewCell.swift */ = {isa = PBXFileReference; fileEncoding = 4; lastKnownFileType = sourcecode.swift; path = MusicalEntityCollectionViewCell.swift; sourceTree = "<group>"; };
		43E13FC1290FE72300F67A1A /* ShinobuServerTableViewCell.swift */ = {isa = PBXFileReference; fileEncoding = 4; lastKnownFileType = sourcecode.swift; path = ShinobuServerTableViewCell.swift; sourceTree = "<group>"; };
		43E13FC2290FE72300F67A1A /* TrackTableViewCell.swift */ = {isa = PBXFileReference; fileEncoding = 4; lastKnownFileType = sourcecode.swift; path = TrackTableViewCell.swift; sourceTree = "<group>"; };
		43E13FC4290FE72300F67A1A /* TrackTableViewCell_ipad.swift */ = {isa = PBXFileReference; fileEncoding = 4; lastKnownFileType = sourcecode.swift; path = TrackTableViewCell_ipad.swift; sourceTree = "<group>"; };
		43E13FC5290FE72300F67A1A /* SearchResultTableViewCell.swift */ = {isa = PBXFileReference; fileEncoding = 4; lastKnownFileType = sourcecode.swift; path = SearchResultTableViewCell.swift; sourceTree = "<group>"; };
		43E13FC6290FE72300F67A1A /* UpNextTableViewCell.swift */ = {isa = PBXFileReference; fileEncoding = 4; lastKnownFileType = sourcecode.swift; path = UpNextTableViewCell.swift; sourceTree = "<group>"; };
		43E13FC8290FE72300F67A1A /* TitlesIndexView.swift */ = {isa = PBXFileReference; fileEncoding = 4; lastKnownFileType = sourcecode.swift; path = TitlesIndexView.swift; sourceTree = "<group>"; };
		43E13FC9290FE72300F67A1A /* MusicalCollectionView.swift */ = {isa = PBXFileReference; fileEncoding = 4; lastKnownFileType = sourcecode.swift; path = MusicalCollectionView.swift; sourceTree = "<group>"; };
		43E13FCA290FE72300F67A1A /* LetterView.swift */ = {isa = PBXFileReference; fileEncoding = 4; lastKnownFileType = sourcecode.swift; path = LetterView.swift; sourceTree = "<group>"; };
		43E13FCB290FE72300F67A1A /* NYXNavigationTitleView.swift */ = {isa = PBXFileReference; fileEncoding = 4; lastKnownFileType = sourcecode.swift; path = NYXNavigationTitleView.swift; sourceTree = "<group>"; };
		43E13FCD290FE72300F67A1A /* ImagedLabel.swift */ = {isa = PBXFileReference; fileEncoding = 4; lastKnownFileType = sourcecode.swift; path = ImagedLabel.swift; sourceTree = "<group>"; };
		43E13FCE290FE72300F67A1A /* AutoScrollLabel.swift */ = {isa = PBXFileReference; fileEncoding = 4; lastKnownFileType = sourcecode.swift; path = AutoScrollLabel.swift; sourceTree = "<group>"; };
		43E13FCF290FE72300F67A1A /* AwesomeButton.swift */ = {isa = PBXFileReference; fileEncoding = 4; lastKnownFileType = sourcecode.swift; path = AwesomeButton.swift; sourceTree = "<group>"; };
		43E13FD0290FE72300F67A1A /* Slider.swift */ = {isa = PBXFileReference; fileEncoding = 4; lastKnownFileType = sourcecode.swift; path = Slider.swift; sourceTree = "<group>"; };
		43E13FD1290FE72300F67A1A /* LabeledSlider.swift */ = {isa = PBXFileReference; fileEncoding = 4; lastKnownFileType = sourcecode.swift; path = LabeledSlider.swift; sourceTree = "<group>"; };
		43E13FD2290FE72300F67A1A /* SearchField.swift */ = {isa = PBXFileReference; fileEncoding = 4; lastKnownFileType = sourcecode.swift; path = SearchField.swift; sourceTree = "<group>"; };
		43E13FD3290FE72300F67A1A /* Button.swift */ = {isa = PBXFileReference; fileEncoding = 4; lastKnownFileType = sourcecode.swift; path = Button.swift; sourceTree = "<group>"; };
		43E13FD4290FE72300F67A1A /* ImagedSlider.swift */ = {isa = PBXFileReference; fileEncoding = 4; lastKnownFileType = sourcecode.swift; path = ImagedSlider.swift; sourceTree = "<group>"; };
		43E13FD5290FE72300F67A1A /* TracksListTableView.swift */ = {isa = PBXFileReference; fileEncoding = 4; lastKnownFileType = sourcecode.swift; path = TracksListTableView.swift; sourceTree = "<group>"; };
		43E13FD6290FE72300F67A1A /* AlbumHeaderView.swift */ = {isa = PBXFileReference; fileEncoding = 4; lastKnownFileType = sourcecode.swift; path = AlbumHeaderView.swift; sourceTree = "<group>"; };
		43E13FD7290FE72300F67A1A /* InteractableImageView.swift */ = {isa = PBXFileReference; fileEncoding = 4; lastKnownFileType = sourcecode.swift; path = InteractableImageView.swift; sourceTree = "<group>"; };
		43E13FD9290FE72300F67A1A /* TracksListTableView_ipad.swift */ = {isa = PBXFileReference; fileEncoding = 4; lastKnownFileType = sourcecode.swift; path = TracksListTableView_ipad.swift; sourceTree = "<group>"; };
		43E13FDA290FE72300F67A1A /* AlbumHeaderView_ipad.swift */ = {isa = PBXFileReference; fileEncoding = 4; lastKnownFileType = sourcecode.swift; path = AlbumHeaderView_ipad.swift; sourceTree = "<group>"; };
		43E13FDB290FE72300F67A1A /* MessageView.swift */ = {isa = PBXFileReference; fileEncoding = 4; lastKnownFileType = sourcecode.swift; path = MessageView.swift; sourceTree = "<group>"; };
		43E14016290FF19B00F67A1A /* WidgetKit.framework */ = {isa = PBXFileReference; lastKnownFileType = wrapper.framework; name = WidgetKit.framework; path = System/Library/Frameworks/WidgetKit.framework; sourceTree = SDKROOT; };
		43E14018290FF19B00F67A1A /* SwiftUI.framework */ = {isa = PBXFileReference; lastKnownFileType = wrapper.framework; name = SwiftUI.framework; path = System/Library/Frameworks/SwiftUI.framework; sourceTree = SDKROOT; };
		43E1402C290FF45000F67A1A /* ShinobuWidgetExtension.appex */ = {isa = PBXFileReference; explicitFileType = "wrapper.app-extension"; includeInIndex = 0; path = ShinobuWidgetExtension.appex; sourceTree = BUILT_PRODUCTS_DIR; };
		43E14030290FF45000F67A1A /* ShinobuWidget.swift */ = {isa = PBXFileReference; lastKnownFileType = sourcecode.swift; path = ShinobuWidget.swift; sourceTree = "<group>"; };
		43E14032290FF45100F67A1A /* Assets.xcassets */ = {isa = PBXFileReference; lastKnownFileType = folder.assetcatalog; path = Assets.xcassets; sourceTree = "<group>"; };
		43E14034290FF45100F67A1A /* Info.plist */ = {isa = PBXFileReference; lastKnownFileType = text.plist.xml; path = Info.plist; sourceTree = "<group>"; };
		43E1403B290FF46C00F67A1A /* ShinobuWidgetExtension.entitlements */ = {isa = PBXFileReference; lastKnownFileType = text.plist.entitlements; path = ShinobuWidgetExtension.entitlements; sourceTree = "<group>"; };
/* End PBXFileReference section */

/* Begin PBXFrameworksBuildPhase section */
		43CA3C4B290E6C5D00B47A8B /* Frameworks */ = {
			isa = PBXFrameworksBuildPhase;
			buildActionMask = 2147483647;
			files = (
				43CA3C70290E727C00B47A8B /* SwiftyMPDClient in Frameworks */,
				43CA3C6E290E727C00B47A8B /* Logging in Frameworks */,
				43CA3C6C290E727C00B47A8B /* Defaults in Frameworks */,
			);
			runOnlyForDeploymentPostprocessing = 0;
		};
		43E14029290FF45000F67A1A /* Frameworks */ = {
			isa = PBXFrameworksBuildPhase;
			buildActionMask = 2147483647;
			files = (
				43E1404C290FF88600F67A1A /* Defaults in Frameworks */,
				43E1402E290FF45000F67A1A /* SwiftUI.framework in Frameworks */,
				43E14050290FF88600F67A1A /* SwiftyMPDClient in Frameworks */,
				43E1402D290FF45000F67A1A /* WidgetKit.framework in Frameworks */,
				43E14062290FF99900F67A1A /* Logging in Frameworks */,
			);
			runOnlyForDeploymentPostprocessing = 0;
		};
/* End PBXFrameworksBuildPhase section */

/* Begin PBXGroup section */
		43056C90290E76AB0087C752 /* rsrc */ = {
			isa = PBXGroup;
			children = (
				43CA3C5F290E6C5D00B47A8B /* Info.plist */,
				43056C8C290E76610087C752 /* Localizable.strings */,
				43CA3C5C290E6C5D00B47A8B /* LaunchScreen.storyboard */,
				43CA3C5A290E6C5D00B47A8B /* Assets.xcassets */,
			);
			path = rsrc;
			sourceTree = "<group>";
		};
		43056C91290E76AB0087C752 /* src */ = {
			isa = PBXGroup;
			children = (
				43056C92290E7A620087C752 /* common */,
				43E13F9E290FE72300F67A1A /* controllers */,
				43056CEF290E7C370087C752 /* misc */,
				43E13FBE290FE72300F67A1A /* views */,
			);
			path = src;
			sourceTree = "<group>";
		};
		43056C92290E7A620087C752 /* common */ = {
			isa = PBXGroup;
			children = (
				43056C9B290E7A620087C752 /* threading */,
				43056C93290E7A620087C752 /* misc */,
				43056CA0290E7A620087C752 /* operations */,
				43056CA4290E7A620087C752 /* extensions */,
				43056CB7290E7A620087C752 /* mpd */,
				43056CBC290E7A620087C752 /* model */,
			);
			path = common;
			sourceTree = "<group>";
		};
		43056C93290E7A620087C752 /* misc */ = {
			isa = PBXGroup;
			children = (
				43056C95290E7A620087C752 /* AppDefaults.swift */,
				43056C98290E7A620087C752 /* Cache.swift */,
				43056C9F290E7A620087C752 /* Duration.swift */,
				43056C94290E7A620087C752 /* ImageCache.swift */,
				43056C96290E7A620087C752 /* Message.swift */,
				43056C9A290E7A620087C752 /* SubscribableValue.swift */,
				43056C97290E7A620087C752 /* ZeroConfExplorer.swift */,
			);
			path = misc;
			sourceTree = "<group>";
		};
		43056C9B290E7A620087C752 /* threading */ = {
			isa = PBXGroup;
			children = (
				43056C9E290E7A620087C752 /* ThreadedArray.swift */,
				43056C9D290E7A620087C752 /* ThreadedDictionary.swift */,
				43056C9C290E7A620087C752 /* ThreadedObject.swift */,
			);
			path = threading;
			sourceTree = "<group>";
		};
		43056CA0290E7A620087C752 /* operations */ = {
			isa = PBXGroup;
			children = (
				43056CA3290E7A620087C752 /* CoverOperations.swift */,
				43056CA1290E7A620087C752 /* DownloadCoverOperation.swift */,
				43056CA2290E7A620087C752 /* ProcessCoverOperation.swift */,
				43056C99290E7A620087C752 /* OperationManager.swift */,
			);
			path = operations;
			sourceTree = "<group>";
		};
		43056CA4290E7A620087C752 /* extensions */ = {
			isa = PBXGroup;
			children = (
				43056CA5290E7A620087C752 /* CGContext+Extensions.swift */,
				43056CB4290E7A620087C752 /* CGImage+Extensions.swift */,
				43056CB0290E7A620087C752 /* CGPoint+Extensions.swift */,
				43056CB5290E7A620087C752 /* CGRect+Extensions.swift */,
				43056CA9290E7A620087C752 /* CGSize+Extensions.swift */,
				43056CAF290E7A620087C752 /* FileManager+Extensions.swift */,
				43056CA8290E7A620087C752 /* Notification+Extensions.swift */,
				43056CB1290E7A620087C752 /* NotificationCenter+Extensions.swift */,
				43056CB3290E7A620087C752 /* Number+Extensions.swift */,
				43056CAA290E7A620087C752 /* String+Extensions.swift */,
				43056CAE290E7A620087C752 /* UIApplication+Extensions.swift */,
				43056CAB290E7A620087C752 /* UIColor+Extensions.swift */,
				43056CAD290E7A620087C752 /* UIDevice+Extensions.swift */,
				43056CAC290E7A620087C752 /* UIImage+Extensions.swift */,
				43056CED290E7B350087C752 /* UIResponder+Extensions.swift */,
				43056CB2290E7A620087C752 /* UIScrollView+Extensions.swift */,
				43056CA7290E7A620087C752 /* UIView+Extensions.swift */,
				43056CA6290E7A620087C752 /* UIViewController+Extensions.swift */,
				43056CB6290E7A620087C752 /* ReuseIdentifying.swift */,
			);
			path = extensions;
			sourceTree = "<group>";
		};
		43056CB7290E7A620087C752 /* mpd */ = {
			isa = PBXGroup;
			children = (
				43056CBB290E7A620087C752 /* MPDBridge.swift */,
				43056CB8290E7A620087C752 /* MPDConnection.swift */,
				43056CB9290E7A620087C752 /* MPDServer.swift */,
				43056CBA290E7A620087C752 /* ServerManager.swift */,
			);
			path = mpd;
			sourceTree = "<group>";
		};
		43056CBC290E7A620087C752 /* model */ = {
			isa = PBXGroup;
			children = (
				43056CC0290E7A620087C752 /* Album.swift */,
				43056CC1290E7A620087C752 /* Artist.swift */,
				43056CBE290E7A620087C752 /* Genre.swift */,
				43056CBF290E7A620087C752 /* MusicalEntity.swift */,
				43056CC2290E7A620087C752 /* Playlist.swift */,
				43056CBD290E7A620087C752 /* Track.swift */,
			);
			path = model;
			sourceTree = "<group>";
		};
		43056CEF290E7C370087C752 /* misc */ = {
			isa = PBXGroup;
			children = (
				43CA3C51290E6C5D00B47A8B /* AppDelegate.swift */,
				43CA3C53290E6C5D00B47A8B /* SceneDelegate.swift */,
			);
			path = misc;
			sourceTree = "<group>";
		};
		43CA3C45290E6C5D00B47A8B = {
			isa = PBXGroup;
			children = (
				43CA3C50290E6C5D00B47A8B /* Shinobu */,
				43E1402F290FF45000F67A1A /* ShinobuWidget */,
				43E14015290FF19B00F67A1A /* Frameworks */,
				43CA3C4F290E6C5D00B47A8B /* Products */,
			);
			sourceTree = "<group>";
		};
		43CA3C4F290E6C5D00B47A8B /* Products */ = {
			isa = PBXGroup;
			children = (
				43CA3C4E290E6C5D00B47A8B /* Shinobu.app */,
				43E1402C290FF45000F67A1A /* ShinobuWidgetExtension.appex */,
			);
			name = Products;
			sourceTree = "<group>";
		};
		43CA3C50290E6C5D00B47A8B /* Shinobu */ = {
			isa = PBXGroup;
			children = (
				43056C91290E76AB0087C752 /* src */,
				43056C90290E76AB0087C752 /* rsrc */,
				43CA3C65290E710200B47A8B /* Shinobu.entitlements */,
			);
			path = Shinobu;
			sourceTree = "<group>";
		};
		43E13F9E290FE72300F67A1A /* controllers */ = {
			isa = PBXGroup;
			children = (
				43E13FAD290FE72300F67A1A /* ipad */,
				43E13FB9290FE72300F67A1A /* global */,
				43E13F9F290FE72300F67A1A /* settings */,
				43E13FA5290FE72300F67A1A /* AlbumDetailVC.swift */,
				43E13FA6290FE72300F67A1A /* AlbumsListVC.swift */,
				43E13FA7290FE72300F67A1A /* DirectoriesVC.swift */,
				43E13FAC290FE72300F67A1A /* GenreDetailVC.swift */,
				43E13FAA290FE72300F67A1A /* LibraryVC.swift */,
				43E13FA4290FE72300F67A1A /* MusicalCollectionDataSourceAndDelegate.swift */,
				43E13FAB290FE72300F67A1A /* PlayerVC.swift */,
				43E13FA9290FE72300F67A1A /* PlaylistDetailVC.swift */,
				43E13FA8290FE72300F67A1A /* SearchVC.swift */,
				43E13FB7290FE72300F67A1A /* TypeChoiceVC.swift */,
				43E13FB8290FE72300F67A1A /* MusicalCollectionVC.swift */,
				43E13FBC290FE72300F67A1A /* UpNextVC.swift */,
				43E13FBD290FE72300F67A1A /* PlaylistsAddVC.swift */,
			);
			path = controllers;
			sourceTree = "<group>";
		};
		43E13F9F290FE72300F67A1A /* settings */ = {
			isa = PBXGroup;
			children = (
				43E13FA3290FE72300F67A1A /* ServerVC.swift */,
				43E13FA2290FE72300F67A1A /* SettingsVC.swift */,
				43E13FA1290FE72300F67A1A /* OutputsListVC.swift */,
				43E13FA0290FE72300F67A1A /* ZeroConfBrowserVC.swift */,
			);
			path = settings;
			sourceTree = "<group>";
		};
		43E13FAD290FE72300F67A1A /* ipad */ = {
			isa = PBXGroup;
			children = (
				43E13FB2290FE72300F67A1A /* AlbumDetailVC_ipad.swift */,
				43E13FAE290FE72300F67A1A /* AlbumsListVC_ipad.swift */,
				43E13FAF290FE72300F67A1A /* DirectoriesVC_ipad.swift */,
				43E13FB4290FE72300F67A1A /* GenreDetailVC_ipad.swift */,
				43E13FB5290FE72300F67A1A /* LibraryVC_ipad.swift */,
				43E13FB0290FE72300F67A1A /* MusicalCollectionVC_ipad.swift */,
				43E13FB3290FE72300F67A1A /* PlayerVC_ipad.swift */,
				43E13FB6290FE72300F67A1A /* PlaylistDetailVC_ipad.swift */,
				43E13FB1290FE72300F67A1A /* UpNextVC_ipad.swift */,
			);
			path = ipad;
			sourceTree = "<group>";
		};
		43E13FB9290FE72300F67A1A /* global */ = {
			isa = PBXGroup;
			children = (
				43E13FBA290FE72300F67A1A /* ContainerVC.swift */,
				43E13FBB290FE72300F67A1A /* NYXControllers.swift */,
			);
			path = global;
			sourceTree = "<group>";
		};
		43E13FBE290FE72300F67A1A /* views */ = {
			isa = PBXGroup;
			children = (
				43E13FD8290FE72300F67A1A /* ipad */,
				43E13FBF290FE72300F67A1A /* cells */,
				43E13FCC290FE72300F67A1A /* components */,
				43E13FC7290FE72300F67A1A /* MusicalCollectionView */,
				43E13FD6290FE72300F67A1A /* AlbumHeaderView.swift */,
				43E13FD7290FE72300F67A1A /* InteractableImageView.swift */,
				43E13FDB290FE72300F67A1A /* MessageView.swift */,
				43E13FCB290FE72300F67A1A /* NYXNavigationTitleView.swift */,
				43E13FD5290FE72300F67A1A /* TracksListTableView.swift */,
			);
			path = views;
			sourceTree = "<group>";
		};
		43E13FBF290FE72300F67A1A /* cells */ = {
			isa = PBXGroup;
			children = (
				43E13FC3290FE72300F67A1A /* ipad */,
				43E13FC0290FE72300F67A1A /* MusicalEntityCollectionViewCell.swift */,
				43E13FC5290FE72300F67A1A /* SearchResultTableViewCell.swift */,
				43E13FC1290FE72300F67A1A /* ShinobuServerTableViewCell.swift */,
				43E13FC2290FE72300F67A1A /* TrackTableViewCell.swift */,
				43E13FC6290FE72300F67A1A /* UpNextTableViewCell.swift */,
			);
			path = cells;
			sourceTree = "<group>";
		};
		43E13FC3290FE72300F67A1A /* ipad */ = {
			isa = PBXGroup;
			children = (
				43E13FC4290FE72300F67A1A /* TrackTableViewCell_ipad.swift */,
			);
			path = ipad;
			sourceTree = "<group>";
		};
		43E13FC7290FE72300F67A1A /* MusicalCollectionView */ = {
			isa = PBXGroup;
			children = (
				43E13FCA290FE72300F67A1A /* LetterView.swift */,
				43E13FC9290FE72300F67A1A /* MusicalCollectionView.swift */,
				43E13FC8290FE72300F67A1A /* TitlesIndexView.swift */,
			);
			path = MusicalCollectionView;
			sourceTree = "<group>";
		};
		43E13FCC290FE72300F67A1A /* components */ = {
			isa = PBXGroup;
			children = (
				43E13FCF290FE72300F67A1A /* AwesomeButton.swift */,
				43E13FCE290FE72300F67A1A /* AutoScrollLabel.swift */,
				43E13FD3290FE72300F67A1A /* Button.swift */,
				43E13FCD290FE72300F67A1A /* ImagedLabel.swift */,
				43E13FD4290FE72300F67A1A /* ImagedSlider.swift */,
				43E13FD1290FE72300F67A1A /* LabeledSlider.swift */,
				43E13FD2290FE72300F67A1A /* SearchField.swift */,
				43E13FD0290FE72300F67A1A /* Slider.swift */,
			);
			path = components;
			sourceTree = "<group>";
		};
		43E13FD8290FE72300F67A1A /* ipad */ = {
			isa = PBXGroup;
			children = (
				43E13FDA290FE72300F67A1A /* AlbumHeaderView_ipad.swift */,
				43E13FD9290FE72300F67A1A /* TracksListTableView_ipad.swift */,
			);
			path = ipad;
			sourceTree = "<group>";
		};
		43E14015290FF19B00F67A1A /* Frameworks */ = {
			isa = PBXGroup;
			children = (
				43E14016290FF19B00F67A1A /* WidgetKit.framework */,
				43E14018290FF19B00F67A1A /* SwiftUI.framework */,
			);
			name = Frameworks;
			sourceTree = "<group>";
		};
		43E1402F290FF45000F67A1A /* ShinobuWidget */ = {
			isa = PBXGroup;
			children = (
				43E1403B290FF46C00F67A1A /* ShinobuWidgetExtension.entitlements */,
				43E14030290FF45000F67A1A /* ShinobuWidget.swift */,
				43E14032290FF45100F67A1A /* Assets.xcassets */,
				43E14034290FF45100F67A1A /* Info.plist */,
			);
			path = ShinobuWidget;
			sourceTree = "<group>";
		};
/* End PBXGroup section */

/* Begin PBXNativeTarget section */
		43CA3C4D290E6C5D00B47A8B /* Shinobu */ = {
			isa = PBXNativeTarget;
			buildConfigurationList = 43CA3C62290E6C5D00B47A8B /* Build configuration list for PBXNativeTarget "Shinobu" */;
			buildPhases = (
				43CA3C66290E71B400B47A8B /* SwiftLint */,
				43CA3C4A290E6C5D00B47A8B /* Sources */,
				43CA3C4B290E6C5D00B47A8B /* Frameworks */,
				43CA3C4C290E6C5D00B47A8B /* Resources */,
				43E14026290FF19C00F67A1A /* Embed Foundation Extensions */,
			);
			buildRules = (
			);
			dependencies = (
				43E14036290FF45100F67A1A /* PBXTargetDependency */,
			);
			name = Shinobu;
			packageProductDependencies = (
				43CA3C6B290E727C00B47A8B /* Defaults */,
				43CA3C6D290E727C00B47A8B /* Logging */,
				43CA3C6F290E727C00B47A8B /* SwiftyMPDClient */,
			);
			productName = Shinobu;
			productReference = 43CA3C4E290E6C5D00B47A8B /* Shinobu.app */;
			productType = "com.apple.product-type.application";
		};
		43E1402B290FF45000F67A1A /* ShinobuWidgetExtension */ = {
			isa = PBXNativeTarget;
			buildConfigurationList = 43E14038290FF45100F67A1A /* Build configuration list for PBXNativeTarget "ShinobuWidgetExtension" */;
			buildPhases = (
				43E14028290FF45000F67A1A /* Sources */,
				43E14029290FF45000F67A1A /* Frameworks */,
				43E1402A290FF45000F67A1A /* Resources */,
			);
			buildRules = (
			);
			dependencies = (
			);
			name = ShinobuWidgetExtension;
			packageProductDependencies = (
				43E1404B290FF88600F67A1A /* Defaults */,
				43E1404F290FF88600F67A1A /* SwiftyMPDClient */,
				43E14061290FF99900F67A1A /* Logging */,
			);
			productName = ShinobuWidgetExtension;
			productReference = 43E1402C290FF45000F67A1A /* ShinobuWidgetExtension.appex */;
			productType = "com.apple.product-type.app-extension";
		};
/* End PBXNativeTarget section */

/* Begin PBXProject section */
		43CA3C46290E6C5D00B47A8B /* Project object */ = {
			isa = PBXProject;
			attributes = {
				BuildIndependentTargetsInParallel = 1;
				LastSwiftUpdateCheck = 1400;
				LastUpgradeCheck = 1400;
				TargetAttributes = {
					43CA3C4D290E6C5D00B47A8B = {
						CreatedOnToolsVersion = 14.0.1;
					};
					43E1402B290FF45000F67A1A = {
						CreatedOnToolsVersion = 14.0.1;
					};
				};
			};
			buildConfigurationList = 43CA3C49290E6C5D00B47A8B /* Build configuration list for PBXProject "Shinobu" */;
			compatibilityVersion = "Xcode 14.0";
			developmentRegion = en;
			hasScannedForEncodings = 0;
			knownRegions = (
				en,
				Base,
				fr,
			);
			mainGroup = 43CA3C45290E6C5D00B47A8B;
			packageReferences = (
				43CA3C67290E71FF00B47A8B /* XCRemoteSwiftPackageReference "Defaults" */,
				43CA3C68290E722700B47A8B /* XCRemoteSwiftPackageReference "swift-log" */,
				43CA3C69290E724E00B47A8B /* XCRemoteSwiftPackageReference "SwiftyMPDClient" */,
			);
			productRefGroup = 43CA3C4F290E6C5D00B47A8B /* Products */;
			projectDirPath = "";
			projectRoot = "";
			targets = (
				43CA3C4D290E6C5D00B47A8B /* Shinobu */,
				43E1402B290FF45000F67A1A /* ShinobuWidgetExtension */,
			);
		};
/* End PBXProject section */

/* Begin PBXResourcesBuildPhase section */
		43CA3C4C290E6C5D00B47A8B /* Resources */ = {
			isa = PBXResourcesBuildPhase;
			buildActionMask = 2147483647;
			files = (
				43CA3C5E290E6C5D00B47A8B /* LaunchScreen.storyboard in Resources */,
				43056C8E290E76610087C752 /* Localizable.strings in Resources */,
				43CA3C5B290E6C5D00B47A8B /* Assets.xcassets in Resources */,
			);
			runOnlyForDeploymentPostprocessing = 0;
		};
		43E1402A290FF45000F67A1A /* Resources */ = {
			isa = PBXResourcesBuildPhase;
			buildActionMask = 2147483647;
			files = (
				43E14033290FF45100F67A1A /* Assets.xcassets in Resources */,
			);
			runOnlyForDeploymentPostprocessing = 0;
		};
/* End PBXResourcesBuildPhase section */

/* Begin PBXShellScriptBuildPhase section */
		43CA3C66290E71B400B47A8B /* SwiftLint */ = {
			isa = PBXShellScriptBuildPhase;
			alwaysOutOfDate = 1;
			buildActionMask = 2147483647;
			files = (
			);
			inputFileListPaths = (
			);
			inputPaths = (
			);
			name = SwiftLint;
			outputFileListPaths = (
			);
			outputPaths = (
			);
			runOnlyForDeploymentPostprocessing = 0;
			shellPath = /bin/sh;
			shellScript = "export PATH=\"$PATH:/opt/homebrew/bin\"\n\nif which swiftlint >/dev/null; then\n  swiftlint\nelse\n  echo \"warning: SwiftLint not installed, download from https://github.com/realm/SwiftLint\"\nfi\n";
		};
/* End PBXShellScriptBuildPhase section */

/* Begin PBXSourcesBuildPhase section */
		43CA3C4A290E6C5D00B47A8B /* Sources */ = {
			isa = PBXSourcesBuildPhase;
			buildActionMask = 2147483647;
			files = (
				43056CCB290E7A620087C752 /* ThreadedDictionary.swift in Sources */,
				43056CEE290E7B350087C752 /* UIResponder+Extensions.swift in Sources */,
				43E1400F290FE72300F67A1A /* MessageView.swift in Sources */,
				43E13FEA290FE72300F67A1A /* DirectoriesVC_ipad.swift in Sources */,
				43056CC7290E7A620087C752 /* Cache.swift in Sources */,
				43056CDD290E7A620087C752 /* NotificationCenter+Extensions.swift in Sources */,
				43E13FFB290FE72300F67A1A /* TrackTableViewCell_ipad.swift in Sources */,
				43E13FE1290FE72300F67A1A /* AlbumDetailVC.swift in Sources */,
				43E14003290FE72300F67A1A /* AutoScrollLabel.swift in Sources */,
				43056CCF290E7A620087C752 /* ProcessCoverOperation.swift in Sources */,
				43E13FE7290FE72300F67A1A /* PlayerVC.swift in Sources */,
				43E14006290FE72300F67A1A /* LabeledSlider.swift in Sources */,
				43E13FE2290FE72300F67A1A /* AlbumsListVC.swift in Sources */,
				43E13FDE290FE72300F67A1A /* SettingsVC.swift in Sources */,
				43E13FDD290FE72300F67A1A /* OutputsListVC.swift in Sources */,
				43E13FF2290FE72300F67A1A /* TypeChoiceVC.swift in Sources */,
				43056CD0290E7A620087C752 /* CoverOperations.swift in Sources */,
				43056CEA290E7A620087C752 /* Album.swift in Sources */,
				43E13FF6290FE72300F67A1A /* UpNextVC.swift in Sources */,
				43056CDA290E7A620087C752 /* UIApplication+Extensions.swift in Sources */,
				43E13FFF290FE72300F67A1A /* MusicalCollectionView.swift in Sources */,
				43E13FFD290FE72300F67A1A /* UpNextTableViewCell.swift in Sources */,
				43056CEB290E7A620087C752 /* Artist.swift in Sources */,
				43056CD2290E7A620087C752 /* UIViewController+Extensions.swift in Sources */,
				43056CC3290E7A620087C752 /* ImageCache.swift in Sources */,
				43056CD4290E7A620087C752 /* Notification+Extensions.swift in Sources */,
				43E14008290FE72300F67A1A /* Button.swift in Sources */,
				43056CE2290E7A620087C752 /* ReuseIdentifying.swift in Sources */,
				43056CE3290E7A620087C752 /* MPDConnection.swift in Sources */,
				43056CC4290E7A620087C752 /* AppDefaults.swift in Sources */,
				43056CCD290E7A620087C752 /* Duration.swift in Sources */,
				43056CD1290E7A620087C752 /* CGContext+Extensions.swift in Sources */,
				43E14004290FE72300F67A1A /* AwesomeButton.swift in Sources */,
				43056CC5290E7A620087C752 /* Message.swift in Sources */,
				43E13FE8290FE72300F67A1A /* GenreDetailVC.swift in Sources */,
				43CA3C52290E6C5D00B47A8B /* AppDelegate.swift in Sources */,
				43E1400B290FE72300F67A1A /* AlbumHeaderView.swift in Sources */,
				43E13FDF290FE72300F67A1A /* ServerVC.swift in Sources */,
				43E13FE6290FE72300F67A1A /* LibraryVC.swift in Sources */,
				43056CD6290E7A620087C752 /* String+Extensions.swift in Sources */,
				43E1400E290FE72300F67A1A /* AlbumHeaderView_ipad.swift in Sources */,
				43E13FF9290FE72300F67A1A /* ShinobuServerTableViewCell.swift in Sources */,
				43056CEC290E7A620087C752 /* Playlist.swift in Sources */,
				43E13FE9290FE72300F67A1A /* AlbumsListVC_ipad.swift in Sources */,
				43056CDC290E7A620087C752 /* CGPoint+Extensions.swift in Sources */,
				43E13FF0290FE72300F67A1A /* LibraryVC_ipad.swift in Sources */,
				43056CE1290E7A620087C752 /* CGRect+Extensions.swift in Sources */,
				43056CE9290E7A620087C752 /* MusicalEntity.swift in Sources */,
				43E13FFE290FE72300F67A1A /* TitlesIndexView.swift in Sources */,
				43056CD9290E7A620087C752 /* UIDevice+Extensions.swift in Sources */,
				43E13FE4290FE72300F67A1A /* SearchVC.swift in Sources */,
				43E13FE3290FE72300F67A1A /* DirectoriesVC.swift in Sources */,
				43E13FF8290FE72300F67A1A /* MusicalEntityCollectionViewCell.swift in Sources */,
				43E13FDC290FE72300F67A1A /* ZeroConfBrowserVC.swift in Sources */,
				43E1400A290FE72300F67A1A /* TracksListTableView.swift in Sources */,
				43056CCE290E7A620087C752 /* DownloadCoverOperation.swift in Sources */,
				43056CD3290E7A620087C752 /* UIView+Extensions.swift in Sources */,
				43056CD8290E7A620087C752 /* UIImage+Extensions.swift in Sources */,
				43056CE7290E7A620087C752 /* Track.swift in Sources */,
				43E14001290FE72300F67A1A /* NYXNavigationTitleView.swift in Sources */,
				43E13FEB290FE72300F67A1A /* MusicalCollectionVC_ipad.swift in Sources */,
				43056CCA290E7A620087C752 /* ThreadedObject.swift in Sources */,
				43E13FFC290FE72300F67A1A /* SearchResultTableViewCell.swift in Sources */,
				43E13FE0290FE72300F67A1A /* MusicalCollectionDataSourceAndDelegate.swift in Sources */,
				43E13FF7290FE72300F67A1A /* PlaylistsAddVC.swift in Sources */,
				43E14009290FE72300F67A1A /* ImagedSlider.swift in Sources */,
				43056CC8290E7A620087C752 /* OperationManager.swift in Sources */,
				43E13FED290FE72300F67A1A /* AlbumDetailVC_ipad.swift in Sources */,
				43E1400D290FE72300F67A1A /* TracksListTableView_ipad.swift in Sources */,
				43E14007290FE72300F67A1A /* SearchField.swift in Sources */,
				43E14005290FE72300F67A1A /* Slider.swift in Sources */,
				43E14002290FE72300F67A1A /* ImagedLabel.swift in Sources */,
				43056CD5290E7A620087C752 /* CGSize+Extensions.swift in Sources */,
				43E1400C290FE72300F67A1A /* InteractableImageView.swift in Sources */,
				43056CC6290E7A620087C752 /* ZeroConfExplorer.swift in Sources */,
				43E13FEE290FE72300F67A1A /* PlayerVC_ipad.swift in Sources */,
				43056CC9290E7A620087C752 /* SubscribableValue.swift in Sources */,
				43056CCC290E7A620087C752 /* ThreadedArray.swift in Sources */,
				43056CD7290E7A620087C752 /* UIColor+Extensions.swift in Sources */,
				43056CE4290E7A620087C752 /* MPDServer.swift in Sources */,
				43056CE0290E7A620087C752 /* CGImage+Extensions.swift in Sources */,
				43E13FE5290FE72300F67A1A /* PlaylistDetailVC.swift in Sources */,
				43056CE6290E7A620087C752 /* MPDBridge.swift in Sources */,
				43056CDF290E7A620087C752 /* Number+Extensions.swift in Sources */,
				43056CDE290E7A620087C752 /* UIScrollView+Extensions.swift in Sources */,
				43E13FEF290FE72300F67A1A /* GenreDetailVC_ipad.swift in Sources */,
				43CA3C54290E6C5D00B47A8B /* SceneDelegate.swift in Sources */,
				43E13FF5290FE72300F67A1A /* NYXControllers.swift in Sources */,
				43056CE5290E7A620087C752 /* ServerManager.swift in Sources */,
				43E14000290FE72300F67A1A /* LetterView.swift in Sources */,
				43E13FF4290FE72300F67A1A /* ContainerVC.swift in Sources */,
				43E13FF1290FE72300F67A1A /* PlaylistDetailVC_ipad.swift in Sources */,
				43056CDB290E7A620087C752 /* FileManager+Extensions.swift in Sources */,
				43E13FEC290FE72300F67A1A /* UpNextVC_ipad.swift in Sources */,
				43056CE8290E7A620087C752 /* Genre.swift in Sources */,
				43E13FF3290FE72300F67A1A /* MusicalCollectionVC.swift in Sources */,
				43E13FFA290FE72300F67A1A /* TrackTableViewCell.swift in Sources */,
			);
			runOnlyForDeploymentPostprocessing = 0;
		};
		43E14028290FF45000F67A1A /* Sources */ = {
			isa = PBXSourcesBuildPhase;
			buildActionMask = 2147483647;
			files = (
				43E1405F290FF8CB00F67A1A /* CGContext+Extensions.swift in Sources */,
				43E14060290FF8CB00F67A1A /* CGImage+Extensions.swift in Sources */,
				43E1405D290FF8C100F67A1A /* Notification+Extensions.swift in Sources */,
				43E1405E290FF8C100F67A1A /* NotificationCenter+Extensions.swift in Sources */,
				43E14059290FF8B800F67A1A /* CoverOperations.swift in Sources */,
				43E1405A290FF8B800F67A1A /* DownloadCoverOperation.swift in Sources */,
				43E1405B290FF8B800F67A1A /* ProcessCoverOperation.swift in Sources */,
				43E1405C290FF8B800F67A1A /* OperationManager.swift in Sources */,
				43E14056290FF8AE00F67A1A /* CGPoint+Extensions.swift in Sources */,
				43E14057290FF8AE00F67A1A /* CGRect+Extensions.swift in Sources */,
				43E14058290FF8AE00F67A1A /* CGSize+Extensions.swift in Sources */,
				43E14055290FF8A100F67A1A /* Message.swift in Sources */,
				43E14054290FF89900F67A1A /* UIImage+Extensions.swift in Sources */,
				43E14051290FF89200F67A1A /* MPDConnection.swift in Sources */,
				43E14052290FF89200F67A1A /* MPDServer.swift in Sources */,
				43E14053290FF89200F67A1A /* ServerManager.swift in Sources */,
				43E1404A290FF87C00F67A1A /* MPDBridge.swift in Sources */,
				43E14049290FF87400F67A1A /* String+Extensions.swift in Sources */,
				43E14048290FF86E00F67A1A /* UIDevice+Extensions.swift in Sources */,
				43E14047290FF86600F67A1A /* Number+Extensions.swift in Sources */,
				43E14046290FF85A00F67A1A /* FileManager+Extensions.swift in Sources */,
				43E14040290FF84500F67A1A /* Album.swift in Sources */,
				43E14041290FF84500F67A1A /* Artist.swift in Sources */,
				43E14042290FF84500F67A1A /* Genre.swift in Sources */,
				43E14043290FF84500F67A1A /* MusicalEntity.swift in Sources */,
				43E14044290FF84500F67A1A /* Playlist.swift in Sources */,
				43E14045290FF84500F67A1A /* Track.swift in Sources */,
				43E1403C290FF83400F67A1A /* AppDefaults.swift in Sources */,
				43E1403D290FF83400F67A1A /* Cache.swift in Sources */,
				43E1403E290FF83400F67A1A /* Duration.swift in Sources */,
				43E1403F290FF83400F67A1A /* ImageCache.swift in Sources */,
				43E14031290FF45000F67A1A /* ShinobuWidget.swift in Sources */,
			);
			runOnlyForDeploymentPostprocessing = 0;
		};
/* End PBXSourcesBuildPhase section */

/* Begin PBXTargetDependency section */
		43E14036290FF45100F67A1A /* PBXTargetDependency */ = {
			isa = PBXTargetDependency;
			target = 43E1402B290FF45000F67A1A /* ShinobuWidgetExtension */;
			targetProxy = 43E14035290FF45100F67A1A /* PBXContainerItemProxy */;
		};
/* End PBXTargetDependency section */

/* Begin PBXVariantGroup section */
		43056C8C290E76610087C752 /* Localizable.strings */ = {
			isa = PBXVariantGroup;
			children = (
				43056C8D290E76610087C752 /* fr */,
				43056C8F290E767E0087C752 /* en */,
			);
			name = Localizable.strings;
			sourceTree = "<group>";
		};
		43CA3C5C290E6C5D00B47A8B /* LaunchScreen.storyboard */ = {
			isa = PBXVariantGroup;
			children = (
				43CA3C5D290E6C5D00B47A8B /* Base */,
				43056C89290E76050087C752 /* fr */,
			);
			name = LaunchScreen.storyboard;
			sourceTree = "<group>";
		};
/* End PBXVariantGroup section */

/* Begin XCBuildConfiguration section */
		43CA3C60290E6C5D00B47A8B /* Debug */ = {
			isa = XCBuildConfiguration;
			buildSettings = {
				ALWAYS_SEARCH_USER_PATHS = NO;
				CLANG_ANALYZER_LOCALIZABILITY_NONLOCALIZED = YES;
				CLANG_ANALYZER_NONNULL = YES;
				CLANG_ANALYZER_NUMBER_OBJECT_CONVERSION = YES_AGGRESSIVE;
				CLANG_CXX_LANGUAGE_STANDARD = "gnu++20";
				CLANG_ENABLE_MODULES = YES;
				CLANG_ENABLE_OBJC_ARC = YES;
				CLANG_ENABLE_OBJC_WEAK = YES;
				CLANG_WARN_BLOCK_CAPTURE_AUTORELEASING = YES;
				CLANG_WARN_BOOL_CONVERSION = YES;
				CLANG_WARN_COMMA = YES;
				CLANG_WARN_CONSTANT_CONVERSION = YES;
				CLANG_WARN_DEPRECATED_OBJC_IMPLEMENTATIONS = YES;
				CLANG_WARN_DIRECT_OBJC_ISA_USAGE = YES_ERROR;
				CLANG_WARN_DOCUMENTATION_COMMENTS = YES;
				CLANG_WARN_EMPTY_BODY = YES;
				CLANG_WARN_ENUM_CONVERSION = YES;
				CLANG_WARN_INFINITE_RECURSION = YES;
				CLANG_WARN_INT_CONVERSION = YES;
				CLANG_WARN_NON_LITERAL_NULL_CONVERSION = YES;
				CLANG_WARN_OBJC_IMPLICIT_RETAIN_SELF = YES;
				CLANG_WARN_OBJC_LITERAL_CONVERSION = YES;
				CLANG_WARN_OBJC_ROOT_CLASS = YES_ERROR;
				CLANG_WARN_QUOTED_INCLUDE_IN_FRAMEWORK_HEADER = YES;
				CLANG_WARN_RANGE_LOOP_ANALYSIS = YES;
				CLANG_WARN_STRICT_PROTOTYPES = YES;
				CLANG_WARN_SUSPICIOUS_MOVE = YES;
				CLANG_WARN_UNGUARDED_AVAILABILITY = YES_AGGRESSIVE;
				CLANG_WARN_UNREACHABLE_CODE = YES;
				CLANG_WARN__DUPLICATE_METHOD_MATCH = YES;
				COPY_PHASE_STRIP = NO;
				DEBUG_INFORMATION_FORMAT = dwarf;
				ENABLE_STRICT_OBJC_MSGSEND = YES;
				ENABLE_TESTABILITY = YES;
				GCC_C_LANGUAGE_STANDARD = gnu11;
				GCC_DYNAMIC_NO_PIC = NO;
				GCC_NO_COMMON_BLOCKS = YES;
				GCC_OPTIMIZATION_LEVEL = 0;
				GCC_PREPROCESSOR_DEFINITIONS = (
					"DEBUG=1",
					"$(inherited)",
				);
				GCC_WARN_64_TO_32_BIT_CONVERSION = YES;
				GCC_WARN_ABOUT_RETURN_TYPE = YES_ERROR;
				GCC_WARN_UNDECLARED_SELECTOR = YES;
				GCC_WARN_UNINITIALIZED_AUTOS = YES_AGGRESSIVE;
				GCC_WARN_UNUSED_FUNCTION = YES;
				GCC_WARN_UNUSED_VARIABLE = YES;
				IPHONEOS_DEPLOYMENT_TARGET = 15.1;
				MTL_ENABLE_DEBUG_INFO = INCLUDE_SOURCE;
				MTL_FAST_MATH = YES;
				ONLY_ACTIVE_ARCH = YES;
				SDKROOT = iphoneos;
				SWIFT_ACTIVE_COMPILATION_CONDITIONS = DEBUG;
				SWIFT_OPTIMIZATION_LEVEL = "-Onone";
			};
			name = Debug;
		};
		43CA3C61290E6C5D00B47A8B /* Release */ = {
			isa = XCBuildConfiguration;
			buildSettings = {
				ALWAYS_SEARCH_USER_PATHS = NO;
				CLANG_ANALYZER_LOCALIZABILITY_NONLOCALIZED = YES;
				CLANG_ANALYZER_NONNULL = YES;
				CLANG_ANALYZER_NUMBER_OBJECT_CONVERSION = YES_AGGRESSIVE;
				CLANG_CXX_LANGUAGE_STANDARD = "gnu++20";
				CLANG_ENABLE_MODULES = YES;
				CLANG_ENABLE_OBJC_ARC = YES;
				CLANG_ENABLE_OBJC_WEAK = YES;
				CLANG_WARN_BLOCK_CAPTURE_AUTORELEASING = YES;
				CLANG_WARN_BOOL_CONVERSION = YES;
				CLANG_WARN_COMMA = YES;
				CLANG_WARN_CONSTANT_CONVERSION = YES;
				CLANG_WARN_DEPRECATED_OBJC_IMPLEMENTATIONS = YES;
				CLANG_WARN_DIRECT_OBJC_ISA_USAGE = YES_ERROR;
				CLANG_WARN_DOCUMENTATION_COMMENTS = YES;
				CLANG_WARN_EMPTY_BODY = YES;
				CLANG_WARN_ENUM_CONVERSION = YES;
				CLANG_WARN_INFINITE_RECURSION = YES;
				CLANG_WARN_INT_CONVERSION = YES;
				CLANG_WARN_NON_LITERAL_NULL_CONVERSION = YES;
				CLANG_WARN_OBJC_IMPLICIT_RETAIN_SELF = YES;
				CLANG_WARN_OBJC_LITERAL_CONVERSION = YES;
				CLANG_WARN_OBJC_ROOT_CLASS = YES_ERROR;
				CLANG_WARN_QUOTED_INCLUDE_IN_FRAMEWORK_HEADER = YES;
				CLANG_WARN_RANGE_LOOP_ANALYSIS = YES;
				CLANG_WARN_STRICT_PROTOTYPES = YES;
				CLANG_WARN_SUSPICIOUS_MOVE = YES;
				CLANG_WARN_UNGUARDED_AVAILABILITY = YES_AGGRESSIVE;
				CLANG_WARN_UNREACHABLE_CODE = YES;
				CLANG_WARN__DUPLICATE_METHOD_MATCH = YES;
				COPY_PHASE_STRIP = NO;
				DEBUG_INFORMATION_FORMAT = "dwarf-with-dsym";
				ENABLE_NS_ASSERTIONS = NO;
				ENABLE_STRICT_OBJC_MSGSEND = YES;
				GCC_C_LANGUAGE_STANDARD = gnu11;
				GCC_NO_COMMON_BLOCKS = YES;
				GCC_WARN_64_TO_32_BIT_CONVERSION = YES;
				GCC_WARN_ABOUT_RETURN_TYPE = YES_ERROR;
				GCC_WARN_UNDECLARED_SELECTOR = YES;
				GCC_WARN_UNINITIALIZED_AUTOS = YES_AGGRESSIVE;
				GCC_WARN_UNUSED_FUNCTION = YES;
				GCC_WARN_UNUSED_VARIABLE = YES;
				IPHONEOS_DEPLOYMENT_TARGET = 15.1;
				MTL_ENABLE_DEBUG_INFO = NO;
				MTL_FAST_MATH = YES;
				SDKROOT = iphoneos;
				SWIFT_COMPILATION_MODE = wholemodule;
				SWIFT_OPTIMIZATION_LEVEL = "-O";
				VALIDATE_PRODUCT = YES;
			};
			name = Release;
		};
		43CA3C63290E6C5D00B47A8B /* Debug */ = {
			isa = XCBuildConfiguration;
			buildSettings = {
				ALWAYS_EMBED_SWIFT_STANDARD_LIBRARIES = YES;
				ASSETCATALOG_COMPILER_APPICON_NAME = AppIcon;
				ASSETCATALOG_COMPILER_GLOBAL_ACCENT_COLOR_NAME = AccentColor;
				CLANG_ANALYZER_SECURITY_FLOATLOOPCOUNTER = YES;
				CLANG_ANALYZER_SECURITY_INSECUREAPI_RAND = YES;
				CLANG_WARN_ASSIGN_ENUM = YES;
				CLANG_WARN_COMPLETION_HANDLER_MISUSE = YES;
				CLANG_WARN_FRAMEWORK_INCLUDE_PRIVATE_FROM_PUBLIC = YES;
				CLANG_WARN_IMPLICIT_FALLTHROUGH = YES;
				CLANG_WARN_IMPLICIT_SIGN_CONVERSION = YES;
				CLANG_WARN_SEMICOLON_BEFORE_METHOD_BODY = YES;
				CLANG_WARN_SUSPICIOUS_IMPLICIT_CONVERSION = YES;
				CODE_SIGN_ENTITLEMENTS = Shinobu/Shinobu.entitlements;
				"CODE_SIGN_IDENTITY[sdk=iphoneos*]" = "iPhone Developer";
				CODE_SIGN_STYLE = Manual;
				CURRENT_PROJECT_VERSION = 1;
				DEVELOPMENT_TEAM = "";
				"DEVELOPMENT_TEAM[sdk=iphoneos*]" = E258RKC85V;
				GCC_TREAT_IMPLICIT_FUNCTION_DECLARATIONS_AS_ERRORS = YES;
				GCC_TREAT_INCOMPATIBLE_POINTER_TYPE_WARNINGS_AS_ERRORS = YES;
				GCC_WARN_ABOUT_MISSING_FIELD_INITIALIZERS = YES;
				GCC_WARN_ABOUT_MISSING_NEWLINE = YES;
				GCC_WARN_ABOUT_MISSING_PROTOTYPES = YES;
				GCC_WARN_FOUR_CHARACTER_CONSTANTS = YES;
				GCC_WARN_INITIALIZER_NOT_FULLY_BRACKETED = YES;
				GCC_WARN_SHADOW = YES;
				GCC_WARN_SIGN_COMPARE = YES;
				GCC_WARN_UNKNOWN_PRAGMAS = YES;
				GCC_WARN_UNUSED_LABEL = YES;
				GCC_WARN_UNUSED_PARAMETER = YES;
				GENERATE_INFOPLIST_FILE = YES;
				INFOPLIST_FILE = Shinobu/rsrc/Info.plist;
				INFOPLIST_KEY_LSApplicationCategoryType = "public.app-category.music";
				INFOPLIST_KEY_UIApplicationSupportsIndirectInputEvents = YES;
				INFOPLIST_KEY_UILaunchStoryboardName = LaunchScreen.storyboard;
				INFOPLIST_KEY_UIStatusBarStyle = UIStatusBarStyleLightContent;
				INFOPLIST_KEY_UISupportedInterfaceOrientations = "UIInterfaceOrientationLandscapeLeft UIInterfaceOrientationLandscapeRight UIInterfaceOrientationPortrait UIInterfaceOrientationPortraitUpsideDown";
				INFOPLIST_KEY_UIUserInterfaceStyle = Dark;
				IPHONEOS_DEPLOYMENT_TARGET = 15.1;
				LD_RUNPATH_SEARCH_PATHS = (
					"$(inherited)",
					"@executable_path/Frameworks",
				);
				MARKETING_VERSION = 2.0.0;
				PRODUCT_BUNDLE_IDENTIFIER = fr.whine.shinobu.app;
				PRODUCT_NAME = "$(TARGET_NAME)";
				PROVISIONING_PROFILE_SPECIFIER = "";
				"PROVISIONING_PROFILE_SPECIFIER[sdk=iphoneos*]" = "shinobu [dev";
				RUN_CLANG_STATIC_ANALYZER = YES;
				SWIFT_EMIT_LOC_STRINGS = YES;
				SWIFT_VERSION = 5.0;
				TARGETED_DEVICE_FAMILY = "1,2";
			};
			name = Debug;
		};
		43CA3C64290E6C5D00B47A8B /* Release */ = {
			isa = XCBuildConfiguration;
			buildSettings = {
				ALWAYS_EMBED_SWIFT_STANDARD_LIBRARIES = YES;
				ASSETCATALOG_COMPILER_APPICON_NAME = AppIcon;
				ASSETCATALOG_COMPILER_GLOBAL_ACCENT_COLOR_NAME = AccentColor;
				CLANG_ANALYZER_SECURITY_FLOATLOOPCOUNTER = YES;
				CLANG_ANALYZER_SECURITY_INSECUREAPI_RAND = YES;
				CLANG_WARN_ASSIGN_ENUM = YES;
				CLANG_WARN_COMPLETION_HANDLER_MISUSE = YES;
				CLANG_WARN_FRAMEWORK_INCLUDE_PRIVATE_FROM_PUBLIC = YES;
				CLANG_WARN_IMPLICIT_FALLTHROUGH = YES;
				CLANG_WARN_IMPLICIT_SIGN_CONVERSION = YES;
				CLANG_WARN_SEMICOLON_BEFORE_METHOD_BODY = YES;
				CLANG_WARN_SUSPICIOUS_IMPLICIT_CONVERSION = YES;
				CODE_SIGN_ENTITLEMENTS = Shinobu/Shinobu.entitlements;
				"CODE_SIGN_IDENTITY[sdk=iphoneos*]" = "iPhone Developer";
				CODE_SIGN_STYLE = Manual;
				CURRENT_PROJECT_VERSION = 1;
				DEVELOPMENT_TEAM = "";
				"DEVELOPMENT_TEAM[sdk=iphoneos*]" = E258RKC85V;
				GCC_TREAT_IMPLICIT_FUNCTION_DECLARATIONS_AS_ERRORS = YES;
				GCC_TREAT_INCOMPATIBLE_POINTER_TYPE_WARNINGS_AS_ERRORS = YES;
				GCC_WARN_ABOUT_MISSING_FIELD_INITIALIZERS = YES;
				GCC_WARN_ABOUT_MISSING_NEWLINE = YES;
				GCC_WARN_ABOUT_MISSING_PROTOTYPES = YES;
				GCC_WARN_FOUR_CHARACTER_CONSTANTS = YES;
				GCC_WARN_INITIALIZER_NOT_FULLY_BRACKETED = YES;
				GCC_WARN_SHADOW = YES;
				GCC_WARN_SIGN_COMPARE = YES;
				GCC_WARN_UNKNOWN_PRAGMAS = YES;
				GCC_WARN_UNUSED_LABEL = YES;
				GCC_WARN_UNUSED_PARAMETER = YES;
				GENERATE_INFOPLIST_FILE = YES;
				INFOPLIST_FILE = Shinobu/rsrc/Info.plist;
				INFOPLIST_KEY_LSApplicationCategoryType = "public.app-category.music";
				INFOPLIST_KEY_UIApplicationSupportsIndirectInputEvents = YES;
				INFOPLIST_KEY_UILaunchStoryboardName = LaunchScreen.storyboard;
				INFOPLIST_KEY_UIStatusBarStyle = UIStatusBarStyleLightContent;
				INFOPLIST_KEY_UISupportedInterfaceOrientations = "UIInterfaceOrientationLandscapeLeft UIInterfaceOrientationLandscapeRight UIInterfaceOrientationPortrait UIInterfaceOrientationPortraitUpsideDown";
				INFOPLIST_KEY_UIUserInterfaceStyle = Dark;
				IPHONEOS_DEPLOYMENT_TARGET = 15.1;
				LD_RUNPATH_SEARCH_PATHS = (
					"$(inherited)",
					"@executable_path/Frameworks",
				);
				MARKETING_VERSION = 2.0.0;
				PRODUCT_BUNDLE_IDENTIFIER = fr.whine.shinobu.app;
				PRODUCT_NAME = "$(TARGET_NAME)";
				PROVISIONING_PROFILE_SPECIFIER = "";
				"PROVISIONING_PROFILE_SPECIFIER[sdk=iphoneos*]" = "shinobu [dev";
				RUN_CLANG_STATIC_ANALYZER = YES;
				SWIFT_EMIT_LOC_STRINGS = YES;
				SWIFT_VERSION = 5.0;
				TARGETED_DEVICE_FAMILY = "1,2";
			};
			name = Release;
		};
		43E14039290FF45100F67A1A /* Debug */ = {
			isa = XCBuildConfiguration;
			buildSettings = {
				ASSETCATALOG_COMPILER_GLOBAL_ACCENT_COLOR_NAME = AccentColor;
				ASSETCATALOG_COMPILER_WIDGET_BACKGROUND_COLOR_NAME = WidgetBackground;
				CODE_SIGN_ENTITLEMENTS = ShinobuWidget/ShinobuWidgetExtension.entitlements;
				CODE_SIGN_IDENTITY = "Apple Development";
				CODE_SIGN_STYLE = Automatic;
				CURRENT_PROJECT_VERSION = 1;
				DEVELOPMENT_TEAM = 3VD3GSF4M4;
				GENERATE_INFOPLIST_FILE = YES;
				INFOPLIST_FILE = ShinobuWidget/Info.plist;
				INFOPLIST_KEY_CFBundleDisplayName = ShinobuWidget;
				INFOPLIST_KEY_NSHumanReadableCopyright = "";
				IPHONEOS_DEPLOYMENT_TARGET = 16.0;
				LD_RUNPATH_SEARCH_PATHS = (
					"$(inherited)",
					"@executable_path/Frameworks",
					"@executable_path/../../Frameworks",
				);
				MARKETING_VERSION = 1.0;
				PRODUCT_BUNDLE_IDENTIFIER = fr.whine.shinobu.app.ShinobuWidget;
				PRODUCT_NAME = "$(TARGET_NAME)";
				PROVISIONING_PROFILE_SPECIFIER = "";
				SKIP_INSTALL = YES;
				SWIFT_EMIT_LOC_STRINGS = YES;
				SWIFT_VERSION = 5.0;
				TARGETED_DEVICE_FAMILY = "1,2";
			};
			name = Debug;
		};
		43E1403A290FF45100F67A1A /* Release */ = {
			isa = XCBuildConfiguration;
			buildSettings = {
				ASSETCATALOG_COMPILER_GLOBAL_ACCENT_COLOR_NAME = AccentColor;
				ASSETCATALOG_COMPILER_WIDGET_BACKGROUND_COLOR_NAME = WidgetBackground;
				CODE_SIGN_ENTITLEMENTS = ShinobuWidget/ShinobuWidgetExtension.entitlements;
				CODE_SIGN_IDENTITY = "Apple Development";
				CODE_SIGN_STYLE = Automatic;
				CURRENT_PROJECT_VERSION = 1;
				DEVELOPMENT_TEAM = 3VD3GSF4M4;
				GENERATE_INFOPLIST_FILE = YES;
				INFOPLIST_FILE = ShinobuWidget/Info.plist;
				INFOPLIST_KEY_CFBundleDisplayName = ShinobuWidget;
				INFOPLIST_KEY_NSHumanReadableCopyright = "";
				IPHONEOS_DEPLOYMENT_TARGET = 16.0;
				LD_RUNPATH_SEARCH_PATHS = (
					"$(inherited)",
					"@executable_path/Frameworks",
					"@executable_path/../../Frameworks",
				);
				MARKETING_VERSION = 1.0;
				PRODUCT_BUNDLE_IDENTIFIER = fr.whine.shinobu.app.ShinobuWidget;
				PRODUCT_NAME = "$(TARGET_NAME)";
				PROVISIONING_PROFILE_SPECIFIER = "";
				SKIP_INSTALL = YES;
				SWIFT_EMIT_LOC_STRINGS = YES;
				SWIFT_VERSION = 5.0;
				TARGETED_DEVICE_FAMILY = "1,2";
			};
			name = Release;
		};
/* End XCBuildConfiguration section */

/* Begin XCConfigurationList section */
		43CA3C49290E6C5D00B47A8B /* Build configuration list for PBXProject "Shinobu" */ = {
			isa = XCConfigurationList;
			buildConfigurations = (
				43CA3C60290E6C5D00B47A8B /* Debug */,
				43CA3C61290E6C5D00B47A8B /* Release */,
			);
			defaultConfigurationIsVisible = 0;
			defaultConfigurationName = Release;
		};
		43CA3C62290E6C5D00B47A8B /* Build configuration list for PBXNativeTarget "Shinobu" */ = {
			isa = XCConfigurationList;
			buildConfigurations = (
				43CA3C63290E6C5D00B47A8B /* Debug */,
				43CA3C64290E6C5D00B47A8B /* Release */,
			);
			defaultConfigurationIsVisible = 0;
			defaultConfigurationName = Release;
		};
		43E14038290FF45100F67A1A /* Build configuration list for PBXNativeTarget "ShinobuWidgetExtension" */ = {
			isa = XCConfigurationList;
			buildConfigurations = (
				43E14039290FF45100F67A1A /* Debug */,
				43E1403A290FF45100F67A1A /* Release */,
			);
			defaultConfigurationIsVisible = 0;
			defaultConfigurationName = Release;
		};
/* End XCConfigurationList section */

/* Begin XCRemoteSwiftPackageReference section */
		43CA3C67290E71FF00B47A8B /* XCRemoteSwiftPackageReference "Defaults" */ = {
			isa = XCRemoteSwiftPackageReference;
			repositoryURL = "https://github.com/sindresorhus/Defaults";
			requirement = {
				kind = upToNextMajorVersion;
				minimumVersion = 6.0.0;
			};
		};
		43CA3C68290E722700B47A8B /* XCRemoteSwiftPackageReference "swift-log" */ = {
			isa = XCRemoteSwiftPackageReference;
			repositoryURL = "https://github.com/apple/swift-log.git";
			requirement = {
				kind = upToNextMajorVersion;
				minimumVersion = 1.0.0;
			};
		};
		43CA3C69290E724E00B47A8B /* XCRemoteSwiftPackageReference "SwiftyMPDClient" */ = {
			isa = XCRemoteSwiftPackageReference;
			repositoryURL = "https://github.com/Nyx0uf/SwiftyMPDClient.git";
			requirement = {
				kind = upToNextMajorVersion;
				minimumVersion = 1.0.0;
			};
		};
/* End XCRemoteSwiftPackageReference section */

/* Begin XCSwiftPackageProductDependency section */
		43CA3C6B290E727C00B47A8B /* Defaults */ = {
			isa = XCSwiftPackageProductDependency;
			package = 43CA3C67290E71FF00B47A8B /* XCRemoteSwiftPackageReference "Defaults" */;
			productName = Defaults;
		};
		43CA3C6D290E727C00B47A8B /* Logging */ = {
			isa = XCSwiftPackageProductDependency;
			package = 43CA3C68290E722700B47A8B /* XCRemoteSwiftPackageReference "swift-log" */;
			productName = Logging;
		};
		43CA3C6F290E727C00B47A8B /* SwiftyMPDClient */ = {
			isa = XCSwiftPackageProductDependency;
			package = 43CA3C69290E724E00B47A8B /* XCRemoteSwiftPackageReference "SwiftyMPDClient" */;
			productName = SwiftyMPDClient;
		};
		43E1404B290FF88600F67A1A /* Defaults */ = {
			isa = XCSwiftPackageProductDependency;
			package = 43CA3C67290E71FF00B47A8B /* XCRemoteSwiftPackageReference "Defaults" */;
			productName = Defaults;
		};
		43E1404F290FF88600F67A1A /* SwiftyMPDClient */ = {
			isa = XCSwiftPackageProductDependency;
			package = 43CA3C69290E724E00B47A8B /* XCRemoteSwiftPackageReference "SwiftyMPDClient" */;
			productName = SwiftyMPDClient;
		};
		43E14061290FF99900F67A1A /* Logging */ = {
			isa = XCSwiftPackageProductDependency;
			package = 43CA3C68290E722700B47A8B /* XCRemoteSwiftPackageReference "swift-log" */;
			productName = Logging;
		};
/* End XCSwiftPackageProductDependency section */
	};
	rootObject = 43CA3C46290E6C5D00B47A8B /* Project object */;
}
